// !$*UTF8*$!
{
	archiveVersion = 1;
	classes = {
	};
	objectVersion = 46;
	objects = {

/* Begin PBXBuildFile section */
		1F21D5D51C37A60900E8FEA9 /* Async.swift in Sources */ = {isa = PBXBuildFile; fileRef = 1F21D5D41C37A60900E8FEA9 /* Async.swift */; };
		1F23CB931C9FB2B800324F6F /* SampleTemplateRecipe.xml in Resources */ = {isa = PBXBuildFile; fileRef = 1F23CB921C9FB2B800324F6F /* SampleTemplateRecipe.xml */; };
		1F23CB951C9FB4FE00324F6F /* AlertRecipeTests.swift in Sources */ = {isa = PBXBuildFile; fileRef = 1F23CB941C9FB4FE00324F6F /* AlertRecipeTests.swift */; };
		1F23CB971C9FBBD800324F6F /* ExpectedAlertRecipe.xml in Resources */ = {isa = PBXBuildFile; fileRef = 1F23CB961C9FBBD800324F6F /* ExpectedAlertRecipe.xml */; };
		1F23CB991C9FBCEA00324F6F /* TestHelpers.swift in Sources */ = {isa = PBXBuildFile; fileRef = 1F23CB981C9FBCEA00324F6F /* TestHelpers.swift */; };
		1F3065BE1C30D8BD001E5DF0 /* Catalog.xml in Resources */ = {isa = PBXBuildFile; fileRef = 1F3065BD1C30D8BD001E5DF0 /* Catalog.xml */; };
		1F3065C01C30E8D0001E5DF0 /* Oneup.xml in Resources */ = {isa = PBXBuildFile; fileRef = 1F3065BF1C30E8D0001E5DF0 /* Oneup.xml */; };
		1F3065C21C30E912001E5DF0 /* SampleResource.swift in Sources */ = {isa = PBXBuildFile; fileRef = 1F3065C11C30E912001E5DF0 /* SampleResource.swift */; };
		1F3066071C312CB8001E5DF0 /* img.jpg in Resources */ = {isa = PBXBuildFile; fileRef = 1F3066061C312CB8001E5DF0 /* img.jpg */; };
		1F32E4141C30B6EF00F62E88 /* TVMLKitchen.framework in Frameworks */ = {isa = PBXBuildFile; fileRef = 1F32E4091C30B6EF00F62E88 /* TVMLKitchen.framework */; };
		1F32E54F1C30B79600F62E88 /* AppDelegate.swift in Sources */ = {isa = PBXBuildFile; fileRef = 1F32E54E1C30B79600F62E88 /* AppDelegate.swift */; };
		1F32E5511C30B79600F62E88 /* ViewController.swift in Sources */ = {isa = PBXBuildFile; fileRef = 1F32E5501C30B79600F62E88 /* ViewController.swift */; };
		1F32E5561C30B79600F62E88 /* Assets.xcassets in Resources */ = {isa = PBXBuildFile; fileRef = 1F32E5551C30B79600F62E88 /* Assets.xcassets */; };
		1F47EE7A1CA61F4F00227E73 /* LoadingRecipe.xml in Resources */ = {isa = PBXBuildFile; fileRef = 1F47EE791CA61F4F00227E73 /* LoadingRecipe.xml */; };
		1F47EE7C1CA61FA600227E73 /* Loading.swift in Sources */ = {isa = PBXBuildFile; fileRef = 1F47EE7B1CA61FA600227E73 /* Loading.swift */; };
		1F5ABB981C356B3100785DEB /* TVMLKitchen.framework in Embed Frameworks */ = {isa = PBXBuildFile; fileRef = 1F32E4091C30B6EF00F62E88 /* TVMLKitchen.framework */; settings = {ATTRIBUTES = (CodeSignOnCopy, RemoveHeadersOnCopy, ); }; };
		1F8B43781C35676400C716A7 /* SampleRecipeUITests.swift in Sources */ = {isa = PBXBuildFile; fileRef = 1F8B43771C35676400C716A7 /* SampleRecipeUITests.swift */; };
		1F92AB0C1CA02A180098F87F /* KitchenTabBar.xml in Resources */ = {isa = PBXBuildFile; fileRef = 1F92AB0B1CA02A180098F87F /* KitchenTabBar.xml */; };
		1F94082B1C9FA2A500FD39E7 /* ExpectedSampleTemplateRecipe.xml in Resources */ = {isa = PBXBuildFile; fileRef = 1F94082A1C9FA2A500FD39E7 /* ExpectedSampleTemplateRecipe.xml */; };
		1FA7F4EA1CA7625600780D5B /* LoadingRecipeTests.swift in Sources */ = {isa = PBXBuildFile; fileRef = 1FA7F4E91CA7625600780D5B /* LoadingRecipeTests.swift */; };
		1FA7F4EC1CA7627000780D5B /* ExpectedLoadingRecipe.xml in Resources */ = {isa = PBXBuildFile; fileRef = 1FA7F4EB1CA7627000780D5B /* ExpectedLoadingRecipe.xml */; };
		1FADCF931C9FFE19009A40EA /* MySearchRecipe.swift in Sources */ = {isa = PBXBuildFile; fileRef = 1FADCF921C9FFE19009A40EA /* MySearchRecipe.swift */; };
		1FADCF971CA00D84009A40EA /* SearchRecipeTests.swift in Sources */ = {isa = PBXBuildFile; fileRef = 1FADCF961CA00D84009A40EA /* SearchRecipeTests.swift */; };
		1FADCF991CA00DC4009A40EA /* ExpectedSearchRecipe.xml in Resources */ = {isa = PBXBuildFile; fileRef = 1FADCF981CA00DC4009A40EA /* ExpectedSearchRecipe.xml */; };
		1FB5434A1C32DA6C0015CC66 /* ViewController.storyboard in Resources */ = {isa = PBXBuildFile; fileRef = 1FB543481C32DA6C0015CC66 /* ViewController.storyboard */; };
		1FCAF72E1C9F9FDF005C3CBF /* RecipeTests.swift in Sources */ = {isa = PBXBuildFile; fileRef = 1FCAF72D1C9F9FDF005C3CBF /* RecipeTests.swift */; };
		1FF011181CA024F60068CDAA /* Cookbook.swift in Sources */ = {isa = PBXBuildFile; fileRef = 1FF011031CA024F60068CDAA /* Cookbook.swift */; };
		1FF0111A1CA024F60068CDAA /* kitchen.js in Resources */ = {isa = PBXBuildFile; fileRef = 1FF011051CA024F60068CDAA /* kitchen.js */; };
		1FF0111B1CA024F60068CDAA /* Kitchen.swift in Sources */ = {isa = PBXBuildFile; fileRef = 1FF011061CA024F60068CDAA /* Kitchen.swift */; };
		1FF0111C1CA024F60068CDAA /* KitchenTabBar.swift in Sources */ = {isa = PBXBuildFile; fileRef = 1FF011071CA024F60068CDAA /* KitchenTabBar.swift */; };
		1FF0111D1CA024F60068CDAA /* PresentationType.swift in Sources */ = {isa = PBXBuildFile; fileRef = 1FF011081CA024F60068CDAA /* PresentationType.swift */; };
		1FF0111E1CA024F60068CDAA /* AlertRecipe.swift in Sources */ = {isa = PBXBuildFile; fileRef = 1FF0110A1CA024F60068CDAA /* AlertRecipe.swift */; };
		1FF0111F1CA024F70068CDAA /* CatalogRecipe.swift in Sources */ = {isa = PBXBuildFile; fileRef = 1FF0110B1CA024F60068CDAA /* CatalogRecipe.swift */; };
		1FF011201CA024F70068CDAA /* DescriptiveAlertRecipe.swift in Sources */ = {isa = PBXBuildFile; fileRef = 1FF0110C1CA024F60068CDAA /* DescriptiveAlertRecipe.swift */; };
		1FF011211CA024F70068CDAA /* Recipe.swift in Sources */ = {isa = PBXBuildFile; fileRef = 1FF0110D1CA024F60068CDAA /* Recipe.swift */; };
		1FF011221CA024F70068CDAA /* RecipeTheme.swift in Sources */ = {isa = PBXBuildFile; fileRef = 1FF0110E1CA024F60068CDAA /* RecipeTheme.swift */; };
		1FF011231CA024F70068CDAA /* SearchRecipe.swift in Sources */ = {isa = PBXBuildFile; fileRef = 1FF0110F1CA024F60068CDAA /* SearchRecipe.swift */; };
		1FF011241CA024F70068CDAA /* AlertRecipe.xml in Resources */ = {isa = PBXBuildFile; fileRef = 1FF011111CA024F60068CDAA /* AlertRecipe.xml */; };
		1FF011251CA024F70068CDAA /* Base.xml in Resources */ = {isa = PBXBuildFile; fileRef = 1FF011121CA024F60068CDAA /* Base.xml */; };
		1FF011261CA024F70068CDAA /* DescriptiveAlertRecipe.xml in Resources */ = {isa = PBXBuildFile; fileRef = 1FF011131CA024F60068CDAA /* DescriptiveAlertRecipe.xml */; };
		1FF011271CA024F70068CDAA /* SearchRecipe.xml in Resources */ = {isa = PBXBuildFile; fileRef = 1FF011141CA024F60068CDAA /* SearchRecipe.xml */; };
		1FF011281CA024F70068CDAA /* SearchResult.xml in Resources */ = {isa = PBXBuildFile; fileRef = 1FF011151CA024F60068CDAA /* SearchResult.xml */; };
		1FF011291CA024F70068CDAA /* TVMLBridging.swift in Sources */ = {isa = PBXBuildFile; fileRef = 1FF011161CA024F60068CDAA /* TVMLBridging.swift */; };
		1FF0112A1CA024F70068CDAA /* TVMLKitchen.h in Headers */ = {isa = PBXBuildFile; fileRef = 1FF011171CA024F60068CDAA /* TVMLKitchen.h */; settings = {ATTRIBUTES = (Public, ); }; };
		1FF0112C1CA026450068CDAA /* TabBarTests.swift in Sources */ = {isa = PBXBuildFile; fileRef = 1FF0112B1CA026450068CDAA /* TabBarTests.swift */; };
		1FF0112E1CA0293E0068CDAA /* ExpectedTabBar.xml in Resources */ = {isa = PBXBuildFile; fileRef = 1FF0112D1CA0293E0068CDAA /* ExpectedTabBar.xml */; };
/* End PBXBuildFile section */

/* Begin PBXContainerItemProxy section */
		1F32E4151C30B6EF00F62E88 /* PBXContainerItemProxy */ = {
			isa = PBXContainerItemProxy;
			containerPortal = 1F32E4001C30B6EF00F62E88 /* Project object */;
			proxyType = 1;
			remoteGlobalIDString = 1F32E4081C30B6EF00F62E88;
			remoteInfo = TVMLKitchen;
		};
		1F5ABB991C356B3100785DEB /* PBXContainerItemProxy */ = {
			isa = PBXContainerItemProxy;
			containerPortal = 1F32E4001C30B6EF00F62E88 /* Project object */;
			proxyType = 1;
			remoteGlobalIDString = 1F32E4081C30B6EF00F62E88;
			remoteInfo = TVMLKitchen;
		};
		1F8B437A1C35676400C716A7 /* PBXContainerItemProxy */ = {
			isa = PBXContainerItemProxy;
			containerPortal = 1F32E4001C30B6EF00F62E88 /* Project object */;
			proxyType = 1;
			remoteGlobalIDString = 1F32E54B1C30B79600F62E88;
			remoteInfo = SampleRecipe;
		};
/* End PBXContainerItemProxy section */

/* Begin PBXCopyFilesBuildPhase section */
		1F5ABB9B1C356B3100785DEB /* Embed Frameworks */ = {
			isa = PBXCopyFilesBuildPhase;
			buildActionMask = 2147483647;
			dstPath = "";
			dstSubfolderSpec = 10;
			files = (
				1F5ABB981C356B3100785DEB /* TVMLKitchen.framework in Embed Frameworks */,
			);
			name = "Embed Frameworks";
			runOnlyForDeploymentPostprocessing = 0;
		};
/* End PBXCopyFilesBuildPhase section */

/* Begin PBXFileReference section */
		1F21D5D41C37A60900E8FEA9 /* Async.swift */ = {isa = PBXFileReference; fileEncoding = 4; lastKnownFileType = sourcecode.swift; path = Async.swift; sourceTree = "<group>"; };
		1F23CB921C9FB2B800324F6F /* SampleTemplateRecipe.xml */ = {isa = PBXFileReference; fileEncoding = 4; lastKnownFileType = text.xml; path = SampleTemplateRecipe.xml; sourceTree = "<group>"; };
		1F23CB941C9FB4FE00324F6F /* AlertRecipeTests.swift */ = {isa = PBXFileReference; fileEncoding = 4; lastKnownFileType = sourcecode.swift; path = AlertRecipeTests.swift; sourceTree = "<group>"; };
		1F23CB961C9FBBD800324F6F /* ExpectedAlertRecipe.xml */ = {isa = PBXFileReference; fileEncoding = 4; lastKnownFileType = text.xml; path = ExpectedAlertRecipe.xml; sourceTree = "<group>"; };
		1F23CB981C9FBCEA00324F6F /* TestHelpers.swift */ = {isa = PBXFileReference; fileEncoding = 4; lastKnownFileType = sourcecode.swift; path = TestHelpers.swift; sourceTree = "<group>"; };
		1F3065BD1C30D8BD001E5DF0 /* Catalog.xml */ = {isa = PBXFileReference; fileEncoding = 4; lastKnownFileType = text.xml; path = Catalog.xml; sourceTree = "<group>"; };
		1F3065BF1C30E8D0001E5DF0 /* Oneup.xml */ = {isa = PBXFileReference; fileEncoding = 4; lastKnownFileType = text.xml; path = Oneup.xml; sourceTree = "<group>"; };
		1F3065C11C30E912001E5DF0 /* SampleResource.swift */ = {isa = PBXFileReference; fileEncoding = 4; lastKnownFileType = sourcecode.swift; path = SampleResource.swift; sourceTree = "<group>"; };
		1F3065C61C30EE19001E5DF0 /* Common.xcconfig */ = {isa = PBXFileReference; fileEncoding = 4; lastKnownFileType = text.xcconfig; path = Common.xcconfig; sourceTree = "<group>"; };
		1F3065C81C30EE19001E5DF0 /* Debug.xcconfig */ = {isa = PBXFileReference; fileEncoding = 4; lastKnownFileType = text.xcconfig; path = Debug.xcconfig; sourceTree = "<group>"; };
		1F3065C91C30EE19001E5DF0 /* Profile.xcconfig */ = {isa = PBXFileReference; fileEncoding = 4; lastKnownFileType = text.xcconfig; path = Profile.xcconfig; sourceTree = "<group>"; };
		1F3065CA1C30EE19001E5DF0 /* Release.xcconfig */ = {isa = PBXFileReference; fileEncoding = 4; lastKnownFileType = text.xcconfig; path = Release.xcconfig; sourceTree = "<group>"; };
		1F3065CB1C30EE19001E5DF0 /* Test.xcconfig */ = {isa = PBXFileReference; fileEncoding = 4; lastKnownFileType = text.xcconfig; path = Test.xcconfig; sourceTree = "<group>"; };
		1F3065CD1C30EE19001E5DF0 /* Application.xcconfig */ = {isa = PBXFileReference; fileEncoding = 4; lastKnownFileType = text.xcconfig; path = Application.xcconfig; sourceTree = "<group>"; };
		1F3065CE1C30EE19001E5DF0 /* Framework.xcconfig */ = {isa = PBXFileReference; fileEncoding = 4; lastKnownFileType = text.xcconfig; path = Framework.xcconfig; sourceTree = "<group>"; };
		1F3065CF1C30EE19001E5DF0 /* StaticLibrary.xcconfig */ = {isa = PBXFileReference; fileEncoding = 4; lastKnownFileType = text.xcconfig; path = StaticLibrary.xcconfig; sourceTree = "<group>"; };
		1F3065DD1C30EE1A001E5DF0 /* tvOS-Application.xcconfig */ = {isa = PBXFileReference; fileEncoding = 4; lastKnownFileType = text.xcconfig; path = "tvOS-Application.xcconfig"; sourceTree = "<group>"; };
		1F3065DE1C30EE1A001E5DF0 /* tvOS-Base.xcconfig */ = {isa = PBXFileReference; fileEncoding = 4; lastKnownFileType = text.xcconfig; path = "tvOS-Base.xcconfig"; sourceTree = "<group>"; };
		1F3065DF1C30EE1A001E5DF0 /* tvOS-Framework.xcconfig */ = {isa = PBXFileReference; fileEncoding = 4; lastKnownFileType = text.xcconfig; path = "tvOS-Framework.xcconfig"; sourceTree = "<group>"; };
		1F3065E01C30EE1A001E5DF0 /* tvOS-StaticLibrary.xcconfig */ = {isa = PBXFileReference; fileEncoding = 4; lastKnownFileType = text.xcconfig; path = "tvOS-StaticLibrary.xcconfig"; sourceTree = "<group>"; };
		1F3066061C312CB8001E5DF0 /* img.jpg */ = {isa = PBXFileReference; lastKnownFileType = image.jpeg; path = img.jpg; sourceTree = "<group>"; };
		1F32E4091C30B6EF00F62E88 /* TVMLKitchen.framework */ = {isa = PBXFileReference; explicitFileType = wrapper.framework; includeInIndex = 0; path = TVMLKitchen.framework; sourceTree = BUILT_PRODUCTS_DIR; };
		1F32E4131C30B6EF00F62E88 /* TVMLKitchenTests.xctest */ = {isa = PBXFileReference; explicitFileType = wrapper.cfbundle; includeInIndex = 0; path = TVMLKitchenTests.xctest; sourceTree = BUILT_PRODUCTS_DIR; };
		1F32E41A1C30B6EF00F62E88 /* Info.plist */ = {isa = PBXFileReference; lastKnownFileType = text.plist.xml; path = Info.plist; sourceTree = "<group>"; };
		1F32E54C1C30B79600F62E88 /* SampleRecipe.app */ = {isa = PBXFileReference; explicitFileType = wrapper.application; includeInIndex = 0; path = SampleRecipe.app; sourceTree = BUILT_PRODUCTS_DIR; };
		1F32E54E1C30B79600F62E88 /* AppDelegate.swift */ = {isa = PBXFileReference; lastKnownFileType = sourcecode.swift; path = AppDelegate.swift; sourceTree = "<group>"; };
		1F32E5501C30B79600F62E88 /* ViewController.swift */ = {isa = PBXFileReference; lastKnownFileType = sourcecode.swift; path = ViewController.swift; sourceTree = "<group>"; };
		1F32E5551C30B79600F62E88 /* Assets.xcassets */ = {isa = PBXFileReference; lastKnownFileType = folder.assetcatalog; path = Assets.xcassets; sourceTree = "<group>"; };
		1F32E5571C30B79600F62E88 /* Info.plist */ = {isa = PBXFileReference; lastKnownFileType = text.plist.xml; path = Info.plist; sourceTree = "<group>"; };
		1F32E68B1C30B9D100F62E88 /* Kitchen.xcconfig */ = {isa = PBXFileReference; lastKnownFileType = text.xcconfig; path = Kitchen.xcconfig; sourceTree = "<group>"; };
		1F47EE791CA61F4F00227E73 /* LoadingRecipe.xml */ = {isa = PBXFileReference; fileEncoding = 4; lastKnownFileType = text.xml; path = LoadingRecipe.xml; sourceTree = "<group>"; };
		1F47EE7B1CA61FA600227E73 /* Loading.swift */ = {isa = PBXFileReference; fileEncoding = 4; lastKnownFileType = sourcecode.swift; path = Loading.swift; sourceTree = "<group>"; };
		1F8B43751C35676400C716A7 /* SampleRecipeUITests.xctest */ = {isa = PBXFileReference; explicitFileType = wrapper.cfbundle; includeInIndex = 0; path = SampleRecipeUITests.xctest; sourceTree = BUILT_PRODUCTS_DIR; };
		1F8B43771C35676400C716A7 /* SampleRecipeUITests.swift */ = {isa = PBXFileReference; lastKnownFileType = sourcecode.swift; path = SampleRecipeUITests.swift; sourceTree = "<group>"; };
		1F8B43791C35676400C716A7 /* Info.plist */ = {isa = PBXFileReference; lastKnownFileType = text.plist.xml; path = Info.plist; sourceTree = "<group>"; };
		1F92AB0B1CA02A180098F87F /* KitchenTabBar.xml */ = {isa = PBXFileReference; fileEncoding = 4; lastKnownFileType = text.xml; path = KitchenTabBar.xml; sourceTree = "<group>"; };
		1F94082A1C9FA2A500FD39E7 /* ExpectedSampleTemplateRecipe.xml */ = {isa = PBXFileReference; fileEncoding = 4; lastKnownFileType = text.xml; path = ExpectedSampleTemplateRecipe.xml; sourceTree = "<group>"; };
		1FA7F4E91CA7625600780D5B /* LoadingRecipeTests.swift */ = {isa = PBXFileReference; fileEncoding = 4; lastKnownFileType = sourcecode.swift; path = LoadingRecipeTests.swift; sourceTree = "<group>"; };
		1FA7F4EB1CA7627000780D5B /* ExpectedLoadingRecipe.xml */ = {isa = PBXFileReference; fileEncoding = 4; lastKnownFileType = text.xml; path = ExpectedLoadingRecipe.xml; sourceTree = "<group>"; };
		1FADCF921C9FFE19009A40EA /* MySearchRecipe.swift */ = {isa = PBXFileReference; fileEncoding = 4; lastKnownFileType = sourcecode.swift; path = MySearchRecipe.swift; sourceTree = "<group>"; };
		1FADCF961CA00D84009A40EA /* SearchRecipeTests.swift */ = {isa = PBXFileReference; fileEncoding = 4; lastKnownFileType = sourcecode.swift; path = SearchRecipeTests.swift; sourceTree = "<group>"; };
		1FADCF981CA00DC4009A40EA /* ExpectedSearchRecipe.xml */ = {isa = PBXFileReference; fileEncoding = 4; lastKnownFileType = text.xml; path = ExpectedSearchRecipe.xml; sourceTree = "<group>"; };
		1FB543491C32DA6C0015CC66 /* Base */ = {isa = PBXFileReference; lastKnownFileType = file.storyboard; name = Base; path = Base.lproj/ViewController.storyboard; sourceTree = "<group>"; };
		1FCAF72D1C9F9FDF005C3CBF /* RecipeTests.swift */ = {isa = PBXFileReference; fileEncoding = 4; lastKnownFileType = sourcecode.swift; path = RecipeTests.swift; sourceTree = "<group>"; };
		1FF011031CA024F60068CDAA /* Cookbook.swift */ = {isa = PBXFileReference; fileEncoding = 4; lastKnownFileType = sourcecode.swift; path = Cookbook.swift; sourceTree = "<group>"; };
		1FF011041CA024F60068CDAA /* Info.plist */ = {isa = PBXFileReference; fileEncoding = 4; lastKnownFileType = text.plist.xml; path = Info.plist; sourceTree = "<group>"; };
		1FF011051CA024F60068CDAA /* kitchen.js */ = {isa = PBXFileReference; fileEncoding = 4; lastKnownFileType = sourcecode.javascript; path = kitchen.js; sourceTree = "<group>"; };
		1FF011061CA024F60068CDAA /* Kitchen.swift */ = {isa = PBXFileReference; fileEncoding = 4; lastKnownFileType = sourcecode.swift; path = Kitchen.swift; sourceTree = "<group>"; };
		1FF011071CA024F60068CDAA /* KitchenTabBar.swift */ = {isa = PBXFileReference; fileEncoding = 4; lastKnownFileType = sourcecode.swift; path = KitchenTabBar.swift; sourceTree = "<group>"; };
		1FF011081CA024F60068CDAA /* PresentationType.swift */ = {isa = PBXFileReference; fileEncoding = 4; lastKnownFileType = sourcecode.swift; path = PresentationType.swift; sourceTree = "<group>"; };
		1FF0110A1CA024F60068CDAA /* AlertRecipe.swift */ = {isa = PBXFileReference; fileEncoding = 4; lastKnownFileType = sourcecode.swift; path = AlertRecipe.swift; sourceTree = "<group>"; };
		1FF0110B1CA024F60068CDAA /* CatalogRecipe.swift */ = {isa = PBXFileReference; fileEncoding = 4; lastKnownFileType = sourcecode.swift; path = CatalogRecipe.swift; sourceTree = "<group>"; };
		1FF0110C1CA024F60068CDAA /* DescriptiveAlertRecipe.swift */ = {isa = PBXFileReference; fileEncoding = 4; lastKnownFileType = sourcecode.swift; path = DescriptiveAlertRecipe.swift; sourceTree = "<group>"; };
		1FF0110D1CA024F60068CDAA /* Recipe.swift */ = {isa = PBXFileReference; fileEncoding = 4; lastKnownFileType = sourcecode.swift; path = Recipe.swift; sourceTree = "<group>"; };
		1FF0110E1CA024F60068CDAA /* RecipeTheme.swift */ = {isa = PBXFileReference; fileEncoding = 4; lastKnownFileType = sourcecode.swift; path = RecipeTheme.swift; sourceTree = "<group>"; };
		1FF0110F1CA024F60068CDAA /* SearchRecipe.swift */ = {isa = PBXFileReference; fileEncoding = 4; lastKnownFileType = sourcecode.swift; path = SearchRecipe.swift; sourceTree = "<group>"; };
		1FF011111CA024F60068CDAA /* AlertRecipe.xml */ = {isa = PBXFileReference; fileEncoding = 4; lastKnownFileType = text.xml; path = AlertRecipe.xml; sourceTree = "<group>"; };
		1FF011121CA024F60068CDAA /* Base.xml */ = {isa = PBXFileReference; fileEncoding = 4; lastKnownFileType = text.xml; path = Base.xml; sourceTree = "<group>"; };
		1FF011131CA024F60068CDAA /* DescriptiveAlertRecipe.xml */ = {isa = PBXFileReference; fileEncoding = 4; lastKnownFileType = text.xml; path = DescriptiveAlertRecipe.xml; sourceTree = "<group>"; };
		1FF011141CA024F60068CDAA /* SearchRecipe.xml */ = {isa = PBXFileReference; fileEncoding = 4; lastKnownFileType = text.xml; path = SearchRecipe.xml; sourceTree = "<group>"; };
		1FF011151CA024F60068CDAA /* SearchResult.xml */ = {isa = PBXFileReference; fileEncoding = 4; lastKnownFileType = text.xml; path = SearchResult.xml; sourceTree = "<group>"; };
		1FF011161CA024F60068CDAA /* TVMLBridging.swift */ = {isa = PBXFileReference; fileEncoding = 4; lastKnownFileType = sourcecode.swift; path = TVMLBridging.swift; sourceTree = "<group>"; };
		1FF011171CA024F60068CDAA /* TVMLKitchen.h */ = {isa = PBXFileReference; fileEncoding = 4; lastKnownFileType = sourcecode.c.h; path = TVMLKitchen.h; sourceTree = "<group>"; };
		1FF0112B1CA026450068CDAA /* TabBarTests.swift */ = {isa = PBXFileReference; fileEncoding = 4; lastKnownFileType = sourcecode.swift; path = TabBarTests.swift; sourceTree = "<group>"; };
		1FF0112D1CA0293E0068CDAA /* ExpectedTabBar.xml */ = {isa = PBXFileReference; fileEncoding = 4; lastKnownFileType = text.xml; path = ExpectedTabBar.xml; sourceTree = "<group>"; };
/* End PBXFileReference section */

/* Begin PBXFrameworksBuildPhase section */
		1F32E4051C30B6EF00F62E88 /* Frameworks */ = {
			isa = PBXFrameworksBuildPhase;
			buildActionMask = 2147483647;
			files = (
			);
			runOnlyForDeploymentPostprocessing = 0;
		};
		1F32E4101C30B6EF00F62E88 /* Frameworks */ = {
			isa = PBXFrameworksBuildPhase;
			buildActionMask = 2147483647;
			files = (
				1F32E4141C30B6EF00F62E88 /* TVMLKitchen.framework in Frameworks */,
			);
			runOnlyForDeploymentPostprocessing = 0;
		};
		1F32E5491C30B79600F62E88 /* Frameworks */ = {
			isa = PBXFrameworksBuildPhase;
			buildActionMask = 2147483647;
			files = (
			);
			runOnlyForDeploymentPostprocessing = 0;
		};
		1F8B43721C35676400C716A7 /* Frameworks */ = {
			isa = PBXFrameworksBuildPhase;
			buildActionMask = 2147483647;
			files = (
			);
			runOnlyForDeploymentPostprocessing = 0;
		};
/* End PBXFrameworksBuildPhase section */

/* Begin PBXGroup section */
		1F3065C31C30EE19001E5DF0 /* xcconfigs */ = {
			isa = PBXGroup;
			children = (
				1F3065C51C30EE19001E5DF0 /* Base */,
				1F3065DC1C30EE1A001E5DF0 /* tvOS */,
			);
			path = xcconfigs;
			sourceTree = "<group>";
		};
		1F3065C51C30EE19001E5DF0 /* Base */ = {
			isa = PBXGroup;
			children = (
				1F3065C61C30EE19001E5DF0 /* Common.xcconfig */,
				1F3065C71C30EE19001E5DF0 /* Configurations */,
				1F3065CC1C30EE19001E5DF0 /* Targets */,
			);
			path = Base;
			sourceTree = "<group>";
		};
		1F3065C71C30EE19001E5DF0 /* Configurations */ = {
			isa = PBXGroup;
			children = (
				1F3065C81C30EE19001E5DF0 /* Debug.xcconfig */,
				1F3065C91C30EE19001E5DF0 /* Profile.xcconfig */,
				1F3065CA1C30EE19001E5DF0 /* Release.xcconfig */,
				1F3065CB1C30EE19001E5DF0 /* Test.xcconfig */,
			);
			path = Configurations;
			sourceTree = "<group>";
		};
		1F3065CC1C30EE19001E5DF0 /* Targets */ = {
			isa = PBXGroup;
			children = (
				1F3065CD1C30EE19001E5DF0 /* Application.xcconfig */,
				1F3065CE1C30EE19001E5DF0 /* Framework.xcconfig */,
				1F3065CF1C30EE19001E5DF0 /* StaticLibrary.xcconfig */,
			);
			path = Targets;
			sourceTree = "<group>";
		};
		1F3065DC1C30EE1A001E5DF0 /* tvOS */ = {
			isa = PBXGroup;
			children = (
				1F3065DD1C30EE1A001E5DF0 /* tvOS-Application.xcconfig */,
				1F3065DE1C30EE1A001E5DF0 /* tvOS-Base.xcconfig */,
				1F3065DF1C30EE1A001E5DF0 /* tvOS-Framework.xcconfig */,
				1F3065E01C30EE1A001E5DF0 /* tvOS-StaticLibrary.xcconfig */,
			);
			path = tvOS;
			sourceTree = "<group>";
		};
		1F32E3FF1C30B6EF00F62E88 = {
			isa = PBXGroup;
			children = (
				1F32E6881C30B9B900F62E88 /* config */,
				1F32E68C1C30BC3000F62E88 /* library */,
				1F32E40A1C30B6EF00F62E88 /* Products */,
				1F32E54D1C30B79600F62E88 /* SampleRecipe */,
				1F8B43761C35676400C716A7 /* SampleRecipeUITests */,
				1FF011021CA024F60068CDAA /* Sources */,
				1F32E4171C30B6EF00F62E88 /* TVMLKitchenTests */,
			);
			sourceTree = "<group>";
		};
		1F32E40A1C30B6EF00F62E88 /* Products */ = {
			isa = PBXGroup;
			children = (
				1F32E4091C30B6EF00F62E88 /* TVMLKitchen.framework */,
				1F32E4131C30B6EF00F62E88 /* TVMLKitchenTests.xctest */,
				1F32E54C1C30B79600F62E88 /* SampleRecipe.app */,
				1F8B43751C35676400C716A7 /* SampleRecipeUITests.xctest */,
			);
			name = Products;
			sourceTree = "<group>";
		};
		1F32E4171C30B6EF00F62E88 /* TVMLKitchenTests */ = {
			isa = PBXGroup;
			children = (
				1F32E41A1C30B6EF00F62E88 /* Info.plist */,
				1F23CB941C9FB4FE00324F6F /* AlertRecipeTests.swift */,
				1FA7F4E91CA7625600780D5B /* LoadingRecipeTests.swift */,
				1FCAF72D1C9F9FDF005C3CBF /* RecipeTests.swift */,
				1FADCF961CA00D84009A40EA /* SearchRecipeTests.swift */,
				1FF0112B1CA026450068CDAA /* TabBarTests.swift */,
				1F23CB981C9FBCEA00324F6F /* TestHelpers.swift */,
				1F23CB961C9FBBD800324F6F /* ExpectedAlertRecipe.xml */,
				1FA7F4EB1CA7627000780D5B /* ExpectedLoadingRecipe.xml */,
				1F94082A1C9FA2A500FD39E7 /* ExpectedSampleTemplateRecipe.xml */,
				1FADCF981CA00DC4009A40EA /* ExpectedSearchRecipe.xml */,
				1FF0112D1CA0293E0068CDAA /* ExpectedTabBar.xml */,
				1F23CB921C9FB2B800324F6F /* SampleTemplateRecipe.xml */,
			);
			path = TVMLKitchenTests;
			sourceTree = "<group>";
		};
		1F32E54D1C30B79600F62E88 /* SampleRecipe */ = {
			isa = PBXGroup;
			children = (
				1F3066061C312CB8001E5DF0 /* img.jpg */,
				1F32E5571C30B79600F62E88 /* Info.plist */,
				1F32E54E1C30B79600F62E88 /* AppDelegate.swift */,
				1FADCF921C9FFE19009A40EA /* MySearchRecipe.swift */,
				1F3065C11C30E912001E5DF0 /* SampleResource.swift */,
				1F32E5501C30B79600F62E88 /* ViewController.swift */,
				1F32E5551C30B79600F62E88 /* Assets.xcassets */,
				1F3065BD1C30D8BD001E5DF0 /* Catalog.xml */,
				1F3065BF1C30E8D0001E5DF0 /* Oneup.xml */,
				1FB543481C32DA6C0015CC66 /* ViewController.storyboard */,
			);
			path = SampleRecipe;
			sourceTree = "<group>";
		};
		1F32E6881C30B9B900F62E88 /* config */ = {
			isa = PBXGroup;
			children = (
				1F3065C31C30EE19001E5DF0 /* xcconfigs */,
				1F32E68B1C30B9D100F62E88 /* Kitchen.xcconfig */,
			);
			path = config;
			sourceTree = SOURCE_ROOT;
		};
		1F32E68C1C30BC3000F62E88 /* library */ = {
			isa = PBXGroup;
			children = (
				1F21D5D41C37A60900E8FEA9 /* Async.swift */,
			);
			path = library;
			sourceTree = "<group>";
		};
		1F8B43761C35676400C716A7 /* SampleRecipeUITests */ = {
			isa = PBXGroup;
			children = (
				1F8B43791C35676400C716A7 /* Info.plist */,
				1F8B43771C35676400C716A7 /* SampleRecipeUITests.swift */,
			);
			path = SampleRecipeUITests;
			sourceTree = "<group>";
		};
		1FF011021CA024F60068CDAA /* Sources */ = {
			isa = PBXGroup;
			children = (
				1FF011171CA024F60068CDAA /* TVMLKitchen.h */,
				1FF011051CA024F60068CDAA /* kitchen.js */,
				1FF011041CA024F60068CDAA /* Info.plist */,
				1FF011031CA024F60068CDAA /* Cookbook.swift */,
				1FF011061CA024F60068CDAA /* Kitchen.swift */,
				1FF011071CA024F60068CDAA /* KitchenTabBar.swift */,
				1FF011081CA024F60068CDAA /* PresentationType.swift */,
				1FF011161CA024F60068CDAA /* TVMLBridging.swift */,
				1FF011091CA024F60068CDAA /* Recipes */,
				1FF011101CA024F60068CDAA /* Templates */,
			);
			path = Sources;
			sourceTree = "<group>";
		};
		1FF011091CA024F60068CDAA /* Recipes */ = {
			isa = PBXGroup;
			children = (
				1FF0110A1CA024F60068CDAA /* AlertRecipe.swift */,
				1FF0110B1CA024F60068CDAA /* CatalogRecipe.swift */,
				1FF0110C1CA024F60068CDAA /* DescriptiveAlertRecipe.swift */,
				1FF0110D1CA024F60068CDAA /* Recipe.swift */,
				1FF0110E1CA024F60068CDAA /* RecipeTheme.swift */,
				1FF0110F1CA024F60068CDAA /* SearchRecipe.swift */,
				1F47EE7B1CA61FA600227E73 /* Loading.swift */,
			);
			path = Recipes;
			sourceTree = "<group>";
		};
		1FF011101CA024F60068CDAA /* Templates */ = {
			isa = PBXGroup;
			children = (
				1FF011111CA024F60068CDAA /* AlertRecipe.xml */,
				1FF011121CA024F60068CDAA /* Base.xml */,
				1FF011131CA024F60068CDAA /* DescriptiveAlertRecipe.xml */,
				1FF011141CA024F60068CDAA /* SearchRecipe.xml */,
				1FF011151CA024F60068CDAA /* SearchResult.xml */,
				1F92AB0B1CA02A180098F87F /* KitchenTabBar.xml */,
				1F47EE791CA61F4F00227E73 /* LoadingRecipe.xml */,
			);
			path = Templates;
			sourceTree = "<group>";
		};
/* End PBXGroup section */

/* Begin PBXHeadersBuildPhase section */
		1F32E4061C30B6EF00F62E88 /* Headers */ = {
			isa = PBXHeadersBuildPhase;
			buildActionMask = 2147483647;
			files = (
				1FF0112A1CA024F70068CDAA /* TVMLKitchen.h in Headers */,
			);
			runOnlyForDeploymentPostprocessing = 0;
		};
/* End PBXHeadersBuildPhase section */

/* Begin PBXNativeTarget section */
		1F32E4081C30B6EF00F62E88 /* TVMLKitchen */ = {
			isa = PBXNativeTarget;
			buildConfigurationList = 1F32E41D1C30B6EF00F62E88 /* Build configuration list for PBXNativeTarget "TVMLKitchen" */;
			buildPhases = (
				1F32E4041C30B6EF00F62E88 /* Sources */,
				1F32E4051C30B6EF00F62E88 /* Frameworks */,
				1F32E4061C30B6EF00F62E88 /* Headers */,
				1F32E4071C30B6EF00F62E88 /* Resources */,
			);
			buildRules = (
			);
			dependencies = (
			);
			name = TVMLKitchen;
			productName = TVMLKitchen;
			productReference = 1F32E4091C30B6EF00F62E88 /* TVMLKitchen.framework */;
			productType = "com.apple.product-type.framework";
		};
		1F32E4121C30B6EF00F62E88 /* TVMLKitchenTests */ = {
			isa = PBXNativeTarget;
			buildConfigurationList = 1F32E4201C30B6EF00F62E88 /* Build configuration list for PBXNativeTarget "TVMLKitchenTests" */;
			buildPhases = (
				1F32E40F1C30B6EF00F62E88 /* Sources */,
				1F32E4101C30B6EF00F62E88 /* Frameworks */,
				1F32E4111C30B6EF00F62E88 /* Resources */,
			);
			buildRules = (
			);
			dependencies = (
				1F32E4161C30B6EF00F62E88 /* PBXTargetDependency */,
			);
			name = TVMLKitchenTests;
			productName = TVMLKitchenTests;
			productReference = 1F32E4131C30B6EF00F62E88 /* TVMLKitchenTests.xctest */;
			productType = "com.apple.product-type.bundle.unit-test";
		};
		1F32E54B1C30B79600F62E88 /* SampleRecipe */ = {
			isa = PBXNativeTarget;
			buildConfigurationList = 1F32E5581C30B79600F62E88 /* Build configuration list for PBXNativeTarget "SampleRecipe" */;
			buildPhases = (
				1F32E5481C30B79600F62E88 /* Sources */,
				1F32E5491C30B79600F62E88 /* Frameworks */,
				1F32E54A1C30B79600F62E88 /* Resources */,
				1F5ABB9B1C356B3100785DEB /* Embed Frameworks */,
			);
			buildRules = (
			);
			dependencies = (
				1F5ABB9A1C356B3100785DEB /* PBXTargetDependency */,
			);
			name = SampleRecipe;
			productName = SampleRecipe;
			productReference = 1F32E54C1C30B79600F62E88 /* SampleRecipe.app */;
			productType = "com.apple.product-type.application";
		};
		1F8B43741C35676400C716A7 /* SampleRecipeUITests */ = {
			isa = PBXNativeTarget;
			buildConfigurationList = 1F8B437E1C35676400C716A7 /* Build configuration list for PBXNativeTarget "SampleRecipeUITests" */;
			buildPhases = (
				1F8B43711C35676400C716A7 /* Sources */,
				1F8B43721C35676400C716A7 /* Frameworks */,
				1F8B43731C35676400C716A7 /* Resources */,
			);
			buildRules = (
			);
			dependencies = (
				1F8B437B1C35676400C716A7 /* PBXTargetDependency */,
			);
			name = SampleRecipeUITests;
			productName = SampleRecipeUITests;
			productReference = 1F8B43751C35676400C716A7 /* SampleRecipeUITests.xctest */;
			productType = "com.apple.product-type.bundle.ui-testing";
		};
/* End PBXNativeTarget section */

/* Begin PBXProject section */
		1F32E4001C30B6EF00F62E88 /* Project object */ = {
			isa = PBXProject;
			attributes = {
				LastSwiftUpdateCheck = 0720;
				LastUpgradeCheck = 0730;
				ORGANIZATIONNAME = toshi0383;
				TargetAttributes = {
					1F32E4081C30B6EF00F62E88 = {
						CreatedOnToolsVersion = 7.2;
					};
					1F32E4121C30B6EF00F62E88 = {
						CreatedOnToolsVersion = 7.2;
					};
					1F32E54B1C30B79600F62E88 = {
						CreatedOnToolsVersion = 7.2;
					};
					1F8B43741C35676400C716A7 = {
						CreatedOnToolsVersion = 7.2;
						TestTargetID = 1F32E54B1C30B79600F62E88;
					};
				};
			};
			buildConfigurationList = 1F32E4031C30B6EF00F62E88 /* Build configuration list for PBXProject "TVMLKitchen" */;
			compatibilityVersion = "Xcode 3.2";
			developmentRegion = English;
			hasScannedForEncodings = 0;
			knownRegions = (
				en,
				Base,
			);
			mainGroup = 1F32E3FF1C30B6EF00F62E88;
			productRefGroup = 1F32E40A1C30B6EF00F62E88 /* Products */;
			projectDirPath = "";
			projectRoot = "";
			targets = (
				1F32E4081C30B6EF00F62E88 /* TVMLKitchen */,
				1F32E4121C30B6EF00F62E88 /* TVMLKitchenTests */,
				1F32E54B1C30B79600F62E88 /* SampleRecipe */,
				1F8B43741C35676400C716A7 /* SampleRecipeUITests */,
			);
		};
/* End PBXProject section */

/* Begin PBXResourcesBuildPhase section */
		1F32E4071C30B6EF00F62E88 /* Resources */ = {
			isa = PBXResourcesBuildPhase;
			buildActionMask = 2147483647;
			files = (
				1F47EE7A1CA61F4F00227E73 /* LoadingRecipe.xml in Resources */,
				1FF011241CA024F70068CDAA /* AlertRecipe.xml in Resources */,
				1FF011281CA024F70068CDAA /* SearchResult.xml in Resources */,
				1F92AB0C1CA02A180098F87F /* KitchenTabBar.xml in Resources */,
				1FF011251CA024F70068CDAA /* Base.xml in Resources */,
				1FF0111A1CA024F60068CDAA /* kitchen.js in Resources */,
				1FF011261CA024F70068CDAA /* DescriptiveAlertRecipe.xml in Resources */,
				1FF011271CA024F70068CDAA /* SearchRecipe.xml in Resources */,
			);
			runOnlyForDeploymentPostprocessing = 0;
		};
		1F32E4111C30B6EF00F62E88 /* Resources */ = {
			isa = PBXResourcesBuildPhase;
			buildActionMask = 2147483647;
			files = (
				1FF0112E1CA0293E0068CDAA /* ExpectedTabBar.xml in Resources */,
				1F23CB971C9FBBD800324F6F /* ExpectedAlertRecipe.xml in Resources */,
				1FA7F4EC1CA7627000780D5B /* ExpectedLoadingRecipe.xml in Resources */,
				1F23CB931C9FB2B800324F6F /* SampleTemplateRecipe.xml in Resources */,
				1F94082B1C9FA2A500FD39E7 /* ExpectedSampleTemplateRecipe.xml in Resources */,
				1FADCF991CA00DC4009A40EA /* ExpectedSearchRecipe.xml in Resources */,
			);
			runOnlyForDeploymentPostprocessing = 0;
		};
		1F32E54A1C30B79600F62E88 /* Resources */ = {
			isa = PBXResourcesBuildPhase;
			buildActionMask = 2147483647;
			files = (
				1F3066071C312CB8001E5DF0 /* img.jpg in Resources */,
				1F3065C01C30E8D0001E5DF0 /* Oneup.xml in Resources */,
				1F32E5561C30B79600F62E88 /* Assets.xcassets in Resources */,
				1F3065BE1C30D8BD001E5DF0 /* Catalog.xml in Resources */,
				1FB5434A1C32DA6C0015CC66 /* ViewController.storyboard in Resources */,
			);
			runOnlyForDeploymentPostprocessing = 0;
		};
		1F8B43731C35676400C716A7 /* Resources */ = {
			isa = PBXResourcesBuildPhase;
			buildActionMask = 2147483647;
			files = (
			);
			runOnlyForDeploymentPostprocessing = 0;
		};
/* End PBXResourcesBuildPhase section */

/* Begin PBXSourcesBuildPhase section */
		1F32E4041C30B6EF00F62E88 /* Sources */ = {
			isa = PBXSourcesBuildPhase;
			buildActionMask = 2147483647;
			files = (
				1FF0111E1CA024F60068CDAA /* AlertRecipe.swift in Sources */,
				1FF011231CA024F70068CDAA /* SearchRecipe.swift in Sources */,
				1F47EE7C1CA61FA600227E73 /* Loading.swift in Sources */,
				1FF011201CA024F70068CDAA /* DescriptiveAlertRecipe.swift in Sources */,
				1FF0111C1CA024F60068CDAA /* KitchenTabBar.swift in Sources */,
				1FF0111F1CA024F70068CDAA /* CatalogRecipe.swift in Sources */,
				1FF011181CA024F60068CDAA /* Cookbook.swift in Sources */,
				1FF011291CA024F70068CDAA /* TVMLBridging.swift in Sources */,
				1FF011221CA024F70068CDAA /* RecipeTheme.swift in Sources */,
				1FF0111B1CA024F60068CDAA /* Kitchen.swift in Sources */,
				1FF011211CA024F70068CDAA /* Recipe.swift in Sources */,
				1F21D5D51C37A60900E8FEA9 /* Async.swift in Sources */,
				1FF0111D1CA024F60068CDAA /* PresentationType.swift in Sources */,
			);
			runOnlyForDeploymentPostprocessing = 0;
		};
		1F32E40F1C30B6EF00F62E88 /* Sources */ = {
			isa = PBXSourcesBuildPhase;
			buildActionMask = 2147483647;
			files = (
				1FA7F4EA1CA7625600780D5B /* LoadingRecipeTests.swift in Sources */,
				1F23CB951C9FB4FE00324F6F /* AlertRecipeTests.swift in Sources */,
				1FCAF72E1C9F9FDF005C3CBF /* RecipeTests.swift in Sources */,
				1F23CB991C9FBCEA00324F6F /* TestHelpers.swift in Sources */,
				1FF0112C1CA026450068CDAA /* TabBarTests.swift in Sources */,
				1FADCF971CA00D84009A40EA /* SearchRecipeTests.swift in Sources */,
			);
			runOnlyForDeploymentPostprocessing = 0;
		};
		1F32E5481C30B79600F62E88 /* Sources */ = {
			isa = PBXSourcesBuildPhase;
			buildActionMask = 2147483647;
			files = (
				1F32E5511C30B79600F62E88 /* ViewController.swift in Sources */,
				1F32E54F1C30B79600F62E88 /* AppDelegate.swift in Sources */,
				1F3065C21C30E912001E5DF0 /* SampleResource.swift in Sources */,
				1FADCF931C9FFE19009A40EA /* MySearchRecipe.swift in Sources */,
			);
			runOnlyForDeploymentPostprocessing = 0;
		};
		1F8B43711C35676400C716A7 /* Sources */ = {
			isa = PBXSourcesBuildPhase;
			buildActionMask = 2147483647;
			files = (
				1F8B43781C35676400C716A7 /* SampleRecipeUITests.swift in Sources */,
			);
			runOnlyForDeploymentPostprocessing = 0;
		};
/* End PBXSourcesBuildPhase section */

/* Begin PBXTargetDependency section */
		1F32E4161C30B6EF00F62E88 /* PBXTargetDependency */ = {
			isa = PBXTargetDependency;
			target = 1F32E4081C30B6EF00F62E88 /* TVMLKitchen */;
			targetProxy = 1F32E4151C30B6EF00F62E88 /* PBXContainerItemProxy */;
		};
		1F5ABB9A1C356B3100785DEB /* PBXTargetDependency */ = {
			isa = PBXTargetDependency;
			target = 1F32E4081C30B6EF00F62E88 /* TVMLKitchen */;
			targetProxy = 1F5ABB991C356B3100785DEB /* PBXContainerItemProxy */;
		};
		1F8B437B1C35676400C716A7 /* PBXTargetDependency */ = {
			isa = PBXTargetDependency;
			target = 1F32E54B1C30B79600F62E88 /* SampleRecipe */;
			targetProxy = 1F8B437A1C35676400C716A7 /* PBXContainerItemProxy */;
		};
/* End PBXTargetDependency section */

/* Begin PBXVariantGroup section */
		1FB543481C32DA6C0015CC66 /* ViewController.storyboard */ = {
			isa = PBXVariantGroup;
			children = (
				1FB543491C32DA6C0015CC66 /* Base */,
			);
			name = ViewController.storyboard;
			sourceTree = "<group>";
		};
/* End PBXVariantGroup section */

/* Begin XCBuildConfiguration section */
		1F32E41B1C30B6EF00F62E88 /* Debug */ = {
			isa = XCBuildConfiguration;
			baseConfigurationReference = 1F3065C81C30EE19001E5DF0 /* Debug.xcconfig */;
			buildSettings = {
				ALWAYS_SEARCH_USER_PATHS = NO;
				CLANG_CXX_LANGUAGE_STANDARD = "gnu++0x";
				CLANG_CXX_LIBRARY = "libc++";
				CLANG_ENABLE_MODULES = YES;
				CLANG_ENABLE_OBJC_ARC = YES;
				CLANG_WARN_BOOL_CONVERSION = YES;
				CLANG_WARN_CONSTANT_CONVERSION = YES;
				CLANG_WARN_DIRECT_OBJC_ISA_USAGE = YES_ERROR;
				CLANG_WARN_EMPTY_BODY = YES;
				CLANG_WARN_ENUM_CONVERSION = YES;
				CLANG_WARN_INT_CONVERSION = YES;
				CLANG_WARN_OBJC_ROOT_CLASS = YES_ERROR;
				CLANG_WARN_UNREACHABLE_CODE = YES;
				CLANG_WARN__DUPLICATE_METHOD_MATCH = YES;
				COPY_PHASE_STRIP = NO;
				CURRENT_PROJECT_VERSION = 1;
				DEBUG_INFORMATION_FORMAT = dwarf;
				ENABLE_STRICT_OBJC_MSGSEND = YES;
				ENABLE_TESTABILITY = YES;
				GCC_C_LANGUAGE_STANDARD = gnu99;
				GCC_DYNAMIC_NO_PIC = NO;
				GCC_NO_COMMON_BLOCKS = YES;
				GCC_OPTIMIZATION_LEVEL = 0;
				GCC_PREPROCESSOR_DEFINITIONS = (
					"DEBUG=1",
					"$(inherited)",
				);
				GCC_WARN_64_TO_32_BIT_CONVERSION = YES;
				GCC_WARN_ABOUT_RETURN_TYPE = YES_ERROR;
				GCC_WARN_UNDECLARED_SELECTOR = YES;
				GCC_WARN_UNINITIALIZED_AUTOS = YES_AGGRESSIVE;
				GCC_WARN_UNUSED_FUNCTION = YES;
				GCC_WARN_UNUSED_VARIABLE = YES;
				MTL_ENABLE_DEBUG_INFO = YES;
				ONLY_ACTIVE_ARCH = YES;
				SDKROOT = appletvos;
				SWIFT_OPTIMIZATION_LEVEL = "-Onone";
				TARGETED_DEVICE_FAMILY = 3;
				TVOS_DEPLOYMENT_TARGET = 9.1;
				VERSIONING_SYSTEM = "apple-generic";
				VERSION_INFO_PREFIX = "";
			};
			name = Debug;
		};
		1F32E41C1C30B6EF00F62E88 /* Release */ = {
			isa = XCBuildConfiguration;
			baseConfigurationReference = 1F3065CA1C30EE19001E5DF0 /* Release.xcconfig */;
			buildSettings = {
				ALWAYS_SEARCH_USER_PATHS = NO;
				CLANG_CXX_LANGUAGE_STANDARD = "gnu++0x";
				CLANG_CXX_LIBRARY = "libc++";
				CLANG_ENABLE_MODULES = YES;
				CLANG_ENABLE_OBJC_ARC = YES;
				CLANG_WARN_BOOL_CONVERSION = YES;
				CLANG_WARN_CONSTANT_CONVERSION = YES;
				CLANG_WARN_DIRECT_OBJC_ISA_USAGE = YES_ERROR;
				CLANG_WARN_EMPTY_BODY = YES;
				CLANG_WARN_ENUM_CONVERSION = YES;
				CLANG_WARN_INT_CONVERSION = YES;
				CLANG_WARN_OBJC_ROOT_CLASS = YES_ERROR;
				CLANG_WARN_UNREACHABLE_CODE = YES;
				CLANG_WARN__DUPLICATE_METHOD_MATCH = YES;
				COPY_PHASE_STRIP = NO;
				CURRENT_PROJECT_VERSION = 1;
				DEBUG_INFORMATION_FORMAT = "dwarf-with-dsym";
				ENABLE_NS_ASSERTIONS = NO;
				ENABLE_STRICT_OBJC_MSGSEND = YES;
				GCC_C_LANGUAGE_STANDARD = gnu99;
				GCC_NO_COMMON_BLOCKS = YES;
				GCC_WARN_64_TO_32_BIT_CONVERSION = YES;
				GCC_WARN_ABOUT_RETURN_TYPE = YES_ERROR;
				GCC_WARN_UNDECLARED_SELECTOR = YES;
				GCC_WARN_UNINITIALIZED_AUTOS = YES_AGGRESSIVE;
				GCC_WARN_UNUSED_FUNCTION = YES;
				GCC_WARN_UNUSED_VARIABLE = YES;
				MTL_ENABLE_DEBUG_INFO = NO;
				SDKROOT = appletvos;
				TARGETED_DEVICE_FAMILY = 3;
				TVOS_DEPLOYMENT_TARGET = 9.1;
				VALIDATE_PRODUCT = YES;
				VERSIONING_SYSTEM = "apple-generic";
				VERSION_INFO_PREFIX = "";
			};
			name = Release;
		};
		1F32E41E1C30B6EF00F62E88 /* Debug */ = {
			isa = XCBuildConfiguration;
			baseConfigurationReference = 1F32E68B1C30B9D100F62E88 /* Kitchen.xcconfig */;
			buildSettings = {
				CLANG_ENABLE_MODULES = YES;
				DEFINES_MODULE = YES;
				DYLIB_COMPATIBILITY_VERSION = 1;
				DYLIB_CURRENT_VERSION = 1;
				DYLIB_INSTALL_NAME_BASE = "@rpath";
				INSTALL_PATH = "$(LOCAL_LIBRARY_DIR)/Frameworks";
				LD_RUNPATH_SEARCH_PATHS = "$(inherited) @executable_path/Frameworks @loader_path/Frameworks";
				PRODUCT_BUNDLE_IDENTIFIER = jp.toshi0383.TVMLKitchen;
				PRODUCT_NAME = "$(TARGET_NAME)";
				SKIP_INSTALL = YES;
				SWIFT_OPTIMIZATION_LEVEL = "-Onone";
			};
			name = Debug;
		};
		1F32E41F1C30B6EF00F62E88 /* Release */ = {
			isa = XCBuildConfiguration;
			baseConfigurationReference = 1F32E68B1C30B9D100F62E88 /* Kitchen.xcconfig */;
			buildSettings = {
				CLANG_ENABLE_MODULES = YES;
				DEFINES_MODULE = YES;
				DYLIB_COMPATIBILITY_VERSION = 1;
				DYLIB_CURRENT_VERSION = 1;
				DYLIB_INSTALL_NAME_BASE = "@rpath";
				INSTALL_PATH = "$(LOCAL_LIBRARY_DIR)/Frameworks";
				LD_RUNPATH_SEARCH_PATHS = "$(inherited) @executable_path/Frameworks @loader_path/Frameworks";
				PRODUCT_BUNDLE_IDENTIFIER = jp.toshi0383.TVMLKitchen;
				PRODUCT_NAME = "$(TARGET_NAME)";
				SKIP_INSTALL = YES;
			};
			name = Release;
		};
		1F32E4211C30B6EF00F62E88 /* Debug */ = {
			isa = XCBuildConfiguration;
			buildSettings = {
				INFOPLIST_FILE = TVMLKitchenTests/Info.plist;
				LD_RUNPATH_SEARCH_PATHS = "$(inherited) @executable_path/Frameworks @loader_path/Frameworks";
				PRODUCT_BUNDLE_IDENTIFIER = jp.toshi0383.TVMLKitchenTests;
				PRODUCT_NAME = "$(TARGET_NAME)";
			};
			name = Debug;
		};
		1F32E4221C30B6EF00F62E88 /* Release */ = {
			isa = XCBuildConfiguration;
			buildSettings = {
				INFOPLIST_FILE = TVMLKitchenTests/Info.plist;
				LD_RUNPATH_SEARCH_PATHS = "$(inherited) @executable_path/Frameworks @loader_path/Frameworks";
				PRODUCT_BUNDLE_IDENTIFIER = jp.toshi0383.TVMLKitchenTests;
				PRODUCT_NAME = "$(TARGET_NAME)";
			};
			name = Release;
		};
		1F32E5591C30B79600F62E88 /* Debug */ = {
			isa = XCBuildConfiguration;
			buildSettings = {
				ASSETCATALOG_COMPILER_APPICON_NAME = "App Icon & Top Shelf Image";
				ASSETCATALOG_COMPILER_LAUNCHIMAGE_NAME = LaunchImage;
				EMBEDDED_CONTENT_CONTAINS_SWIFT = YES;
				INFOPLIST_FILE = SampleRecipe/Info.plist;
				LD_RUNPATH_SEARCH_PATHS = "$(inherited) @executable_path/Frameworks";
				PRODUCT_BUNDLE_IDENTIFIER = jp.toshi0383.SampleRecipe;
				PRODUCT_NAME = "$(TARGET_NAME)";
			};
			name = Debug;
		};
		1F32E55A1C30B79600F62E88 /* Release */ = {
			isa = XCBuildConfiguration;
			buildSettings = {
				ASSETCATALOG_COMPILER_APPICON_NAME = "App Icon & Top Shelf Image";
				ASSETCATALOG_COMPILER_LAUNCHIMAGE_NAME = LaunchImage;
				EMBEDDED_CONTENT_CONTAINS_SWIFT = YES;
				INFOPLIST_FILE = SampleRecipe/Info.plist;
				LD_RUNPATH_SEARCH_PATHS = "$(inherited) @executable_path/Frameworks";
				PRODUCT_BUNDLE_IDENTIFIER = jp.toshi0383.SampleRecipe;
				PRODUCT_NAME = "$(TARGET_NAME)";
			};
			name = Release;
		};
		1F8B437C1C35676400C716A7 /* Debug */ = {
			isa = XCBuildConfiguration;
			baseConfigurationReference = 1F3065CB1C30EE19001E5DF0 /* Test.xcconfig */;
			buildSettings = {
				INFOPLIST_FILE = SampleRecipeUITests/Info.plist;
				LD_RUNPATH_SEARCH_PATHS = "$(inherited) @executable_path/Frameworks @loader_path/Frameworks";
				PRODUCT_BUNDLE_IDENTIFIER = jp.toshi0383.SampleRecipeUITests;
				PRODUCT_NAME = "$(TARGET_NAME)";
				TEST_TARGET_NAME = SampleRecipe;
				USES_XCTRUNNER = YES;
			};
			name = Debug;
		};
		1F8B437D1C35676400C716A7 /* Release */ = {
			isa = XCBuildConfiguration;
			buildSettings = {
				INFOPLIST_FILE = SampleRecipeUITests/Info.plist;
				LD_RUNPATH_SEARCH_PATHS = "$(inherited) @executable_path/Frameworks @loader_path/Frameworks";
				PRODUCT_BUNDLE_IDENTIFIER = jp.toshi0383.SampleRecipeUITests;
				PRODUCT_NAME = "$(TARGET_NAME)";
				TEST_TARGET_NAME = SampleRecipe;
				USES_XCTRUNNER = YES;
			};
			name = Release;
		};
/* End XCBuildConfiguration section */

/* Begin XCConfigurationList section */
		1F32E4031C30B6EF00F62E88 /* Build configuration list for PBXProject "TVMLKitchen" */ = {
			isa = XCConfigurationList;
			buildConfigurations = (
				1F32E41B1C30B6EF00F62E88 /* Debug */,
				1F32E41C1C30B6EF00F62E88 /* Release */,
			);
			defaultConfigurationIsVisible = 0;
			defaultConfigurationName = Release;
		};
		1F32E41D1C30B6EF00F62E88 /* Build configuration list for PBXNativeTarget "TVMLKitchen" */ = {
			isa = XCConfigurationList;
			buildConfigurations = (
				1F32E41E1C30B6EF00F62E88 /* Debug */,
				1F32E41F1C30B6EF00F62E88 /* Release */,
			);
			defaultConfigurationIsVisible = 0;
			defaultConfigurationName = Release;
		};
		1F32E4201C30B6EF00F62E88 /* Build configuration list for PBXNativeTarget "TVMLKitchenTests" */ = {
			isa = XCConfigurationList;
			buildConfigurations = (
				1F32E4211C30B6EF00F62E88 /* Debug */,
				1F32E4221C30B6EF00F62E88 /* Release */,
			);
			defaultConfigurationIsVisible = 0;
			defaultConfigurationName = Release;
		};
		1F32E5581C30B79600F62E88 /* Build configuration list for PBXNativeTarget "SampleRecipe" */ = {
			isa = XCConfigurationList;
			buildConfigurations = (
				1F32E5591C30B79600F62E88 /* Debug */,
				1F32E55A1C30B79600F62E88 /* Release */,
			);
			defaultConfigurationIsVisible = 0;
			defaultConfigurationName = Release;
		};
		1F8B437E1C35676400C716A7 /* Build configuration list for PBXNativeTarget "SampleRecipeUITests" */ = {
			isa = XCConfigurationList;
			buildConfigurations = (
				1F8B437C1C35676400C716A7 /* Debug */,
				1F8B437D1C35676400C716A7 /* Release */,
			);
			defaultConfigurationIsVisible = 0;
			defaultConfigurationName = Release;
		};
/* End XCConfigurationList section */
	};
	rootObject = 1F32E4001C30B6EF00F62E88 /* Project object */;
}
