// !$*UTF8*$!
{
	archiveVersion = 1;
	classes = {
	};
	objectVersion = 46;
	objects = {

/* Begin PBXBuildFile section */
		1F3065B81C30D634001E5DF0 /* application.js in Resources */ = {isa = PBXBuildFile; fileRef = 1F3065B51C30D634001E5DF0 /* application.js */; };
		1F3065B91C30D634001E5DF0 /* Presenter.js in Resources */ = {isa = PBXBuildFile; fileRef = 1F3065B61C30D634001E5DF0 /* Presenter.js */; };
		1F3065BA1C30D634001E5DF0 /* ResourceLoader.js in Resources */ = {isa = PBXBuildFile; fileRef = 1F3065B71C30D634001E5DF0 /* ResourceLoader.js */; };
		1F3065BC1C30D65B001E5DF0 /* TVMLBridging.swift in Sources */ = {isa = PBXBuildFile; fileRef = 1F3065BB1C30D65B001E5DF0 /* TVMLBridging.swift */; };
		1F3065BE1C30D8BD001E5DF0 /* Catalog.xml.js in Resources */ = {isa = PBXBuildFile; fileRef = 1F3065BD1C30D8BD001E5DF0 /* Catalog.xml.js */; };
		1F3065C01C30E8D0001E5DF0 /* RawXMLString.txt in Resources */ = {isa = PBXBuildFile; fileRef = 1F3065BF1C30E8D0001E5DF0 /* RawXMLString.txt */; };
		1F3065C21C30E912001E5DF0 /* SampleResource.swift in Sources */ = {isa = PBXBuildFile; fileRef = 1F3065C11C30E912001E5DF0 /* SampleResource.swift */; };
		1F3065E71C30EE1A001E5DF0 /* Common.xcconfig in Resources */ = {isa = PBXBuildFile; fileRef = 1F3065C61C30EE19001E5DF0 /* Common.xcconfig */; };
		1F3065E81C30EE1A001E5DF0 /* Debug.xcconfig in Resources */ = {isa = PBXBuildFile; fileRef = 1F3065C81C30EE19001E5DF0 /* Debug.xcconfig */; };
		1F3065E91C30EE1A001E5DF0 /* Profile.xcconfig in Resources */ = {isa = PBXBuildFile; fileRef = 1F3065C91C30EE19001E5DF0 /* Profile.xcconfig */; };
		1F3065EA1C30EE1A001E5DF0 /* Release.xcconfig in Resources */ = {isa = PBXBuildFile; fileRef = 1F3065CA1C30EE19001E5DF0 /* Release.xcconfig */; };
		1F3065EB1C30EE1A001E5DF0 /* Test.xcconfig in Resources */ = {isa = PBXBuildFile; fileRef = 1F3065CB1C30EE19001E5DF0 /* Test.xcconfig */; };
		1F3065EC1C30EE1A001E5DF0 /* Application.xcconfig in Resources */ = {isa = PBXBuildFile; fileRef = 1F3065CD1C30EE19001E5DF0 /* Application.xcconfig */; };
		1F3065ED1C30EE1A001E5DF0 /* Framework.xcconfig in Resources */ = {isa = PBXBuildFile; fileRef = 1F3065CE1C30EE19001E5DF0 /* Framework.xcconfig */; };
		1F3065EE1C30EE1A001E5DF0 /* StaticLibrary.xcconfig in Resources */ = {isa = PBXBuildFile; fileRef = 1F3065CF1C30EE19001E5DF0 /* StaticLibrary.xcconfig */; };
		1F3065F91C30EE1A001E5DF0 /* tvOS-Application.xcconfig in Resources */ = {isa = PBXBuildFile; fileRef = 1F3065DD1C30EE1A001E5DF0 /* tvOS-Application.xcconfig */; };
		1F3065FA1C30EE1A001E5DF0 /* tvOS-Base.xcconfig in Resources */ = {isa = PBXBuildFile; fileRef = 1F3065DE1C30EE1A001E5DF0 /* tvOS-Base.xcconfig */; };
		1F3065FB1C30EE1A001E5DF0 /* tvOS-Framework.xcconfig in Resources */ = {isa = PBXBuildFile; fileRef = 1F3065DF1C30EE1A001E5DF0 /* tvOS-Framework.xcconfig */; };
		1F3065FC1C30EE1A001E5DF0 /* tvOS-StaticLibrary.xcconfig in Resources */ = {isa = PBXBuildFile; fileRef = 1F3065E01C30EE1A001E5DF0 /* tvOS-StaticLibrary.xcconfig */; };
		1F32E4141C30B6EF00F62E88 /* TVMLKitchen.framework in Frameworks */ = {isa = PBXBuildFile; fileRef = 1F32E4091C30B6EF00F62E88 /* TVMLKitchen.framework */; };
		1F32E4191C30B6EF00F62E88 /* TVMLKitchenTests.swift in Sources */ = {isa = PBXBuildFile; fileRef = 1F32E4181C30B6EF00F62E88 /* TVMLKitchenTests.swift */; };
		1F32E54F1C30B79600F62E88 /* AppDelegate.swift in Sources */ = {isa = PBXBuildFile; fileRef = 1F32E54E1C30B79600F62E88 /* AppDelegate.swift */; };
		1F32E5511C30B79600F62E88 /* ViewController.swift in Sources */ = {isa = PBXBuildFile; fileRef = 1F32E5501C30B79600F62E88 /* ViewController.swift */; };
		1F32E5561C30B79600F62E88 /* Assets.xcassets in Resources */ = {isa = PBXBuildFile; fileRef = 1F32E5551C30B79600F62E88 /* Assets.xcassets */; };
		1F32E55B1C30B7D300F62E88 /* TVMLKitchen.framework in Frameworks */ = {isa = PBXBuildFile; fileRef = 1F32E4091C30B6EF00F62E88 /* TVMLKitchen.framework */; };
		1F32E6851C30B81200F62E88 /* TVMLKitchen.h in Headers */ = {isa = PBXBuildFile; fileRef = 1F32E5F71C30B81200F62E88 /* TVMLKitchen.h */; settings = {ATTRIBUTES = (Public, ); }; };
		1F32E6871C30B81E00F62E88 /* Kitchen.swift in Sources */ = {isa = PBXBuildFile; fileRef = 1F32E6861C30B81E00F62E88 /* Kitchen.swift */; };
		1F32E6AD1C30BC3000F62E88 /* DebugLog.all.swift in Sources */ = {isa = PBXBuildFile; fileRef = 1F32E6951C30BC3000F62E88 /* DebugLog.all.swift */; };
/* End PBXBuildFile section */

/* Begin PBXContainerItemProxy section */
		1F32E4151C30B6EF00F62E88 /* PBXContainerItemProxy */ = {
			isa = PBXContainerItemProxy;
			containerPortal = 1F32E4001C30B6EF00F62E88 /* Project object */;
			proxyType = 1;
			remoteGlobalIDString = 1F32E4081C30B6EF00F62E88;
			remoteInfo = TVMLKitchen;
		};
/* End PBXContainerItemProxy section */

/* Begin PBXFileReference section */
		1F3065B51C30D634001E5DF0 /* application.js */ = {isa = PBXFileReference; fileEncoding = 4; lastKnownFileType = sourcecode.javascript; path = application.js; sourceTree = "<group>"; };
		1F3065B61C30D634001E5DF0 /* Presenter.js */ = {isa = PBXFileReference; fileEncoding = 4; lastKnownFileType = sourcecode.javascript; path = Presenter.js; sourceTree = "<group>"; };
		1F3065B71C30D634001E5DF0 /* ResourceLoader.js */ = {isa = PBXFileReference; fileEncoding = 4; lastKnownFileType = sourcecode.javascript; path = ResourceLoader.js; sourceTree = "<group>"; };
		1F3065BB1C30D65B001E5DF0 /* TVMLBridging.swift */ = {isa = PBXFileReference; fileEncoding = 4; lastKnownFileType = sourcecode.swift; path = TVMLBridging.swift; sourceTree = "<group>"; };
		1F3065BD1C30D8BD001E5DF0 /* Catalog.xml.js */ = {isa = PBXFileReference; fileEncoding = 4; lastKnownFileType = sourcecode.javascript; path = Catalog.xml.js; sourceTree = "<group>"; };
		1F3065BF1C30E8D0001E5DF0 /* RawXMLString.txt */ = {isa = PBXFileReference; fileEncoding = 4; lastKnownFileType = text; path = RawXMLString.txt; sourceTree = "<group>"; };
		1F3065C11C30E912001E5DF0 /* SampleResource.swift */ = {isa = PBXFileReference; fileEncoding = 4; lastKnownFileType = sourcecode.swift; path = SampleResource.swift; sourceTree = "<group>"; };
		1F3065C61C30EE19001E5DF0 /* Common.xcconfig */ = {isa = PBXFileReference; fileEncoding = 4; lastKnownFileType = text.xcconfig; path = Common.xcconfig; sourceTree = "<group>"; };
		1F3065C81C30EE19001E5DF0 /* Debug.xcconfig */ = {isa = PBXFileReference; fileEncoding = 4; lastKnownFileType = text.xcconfig; path = Debug.xcconfig; sourceTree = "<group>"; };
		1F3065C91C30EE19001E5DF0 /* Profile.xcconfig */ = {isa = PBXFileReference; fileEncoding = 4; lastKnownFileType = text.xcconfig; path = Profile.xcconfig; sourceTree = "<group>"; };
		1F3065CA1C30EE19001E5DF0 /* Release.xcconfig */ = {isa = PBXFileReference; fileEncoding = 4; lastKnownFileType = text.xcconfig; path = Release.xcconfig; sourceTree = "<group>"; };
		1F3065CB1C30EE19001E5DF0 /* Test.xcconfig */ = {isa = PBXFileReference; fileEncoding = 4; lastKnownFileType = text.xcconfig; path = Test.xcconfig; sourceTree = "<group>"; };
		1F3065CD1C30EE19001E5DF0 /* Application.xcconfig */ = {isa = PBXFileReference; fileEncoding = 4; lastKnownFileType = text.xcconfig; path = Application.xcconfig; sourceTree = "<group>"; };
		1F3065CE1C30EE19001E5DF0 /* Framework.xcconfig */ = {isa = PBXFileReference; fileEncoding = 4; lastKnownFileType = text.xcconfig; path = Framework.xcconfig; sourceTree = "<group>"; };
		1F3065CF1C30EE19001E5DF0 /* StaticLibrary.xcconfig */ = {isa = PBXFileReference; fileEncoding = 4; lastKnownFileType = text.xcconfig; path = StaticLibrary.xcconfig; sourceTree = "<group>"; };
		1F3065DD1C30EE1A001E5DF0 /* tvOS-Application.xcconfig */ = {isa = PBXFileReference; fileEncoding = 4; lastKnownFileType = text.xcconfig; path = "tvOS-Application.xcconfig"; sourceTree = "<group>"; };
		1F3065DE1C30EE1A001E5DF0 /* tvOS-Base.xcconfig */ = {isa = PBXFileReference; fileEncoding = 4; lastKnownFileType = text.xcconfig; path = "tvOS-Base.xcconfig"; sourceTree = "<group>"; };
		1F3065DF1C30EE1A001E5DF0 /* tvOS-Framework.xcconfig */ = {isa = PBXFileReference; fileEncoding = 4; lastKnownFileType = text.xcconfig; path = "tvOS-Framework.xcconfig"; sourceTree = "<group>"; };
		1F3065E01C30EE1A001E5DF0 /* tvOS-StaticLibrary.xcconfig */ = {isa = PBXFileReference; fileEncoding = 4; lastKnownFileType = text.xcconfig; path = "tvOS-StaticLibrary.xcconfig"; sourceTree = "<group>"; };
		1F32E4091C30B6EF00F62E88 /* TVMLKitchen.framework */ = {isa = PBXFileReference; explicitFileType = wrapper.framework; includeInIndex = 0; path = TVMLKitchen.framework; sourceTree = BUILT_PRODUCTS_DIR; };
		1F32E4131C30B6EF00F62E88 /* TVMLKitchenTests.xctest */ = {isa = PBXFileReference; explicitFileType = wrapper.cfbundle; includeInIndex = 0; path = TVMLKitchenTests.xctest; sourceTree = BUILT_PRODUCTS_DIR; };
		1F32E4181C30B6EF00F62E88 /* TVMLKitchenTests.swift */ = {isa = PBXFileReference; lastKnownFileType = sourcecode.swift; path = TVMLKitchenTests.swift; sourceTree = "<group>"; };
		1F32E41A1C30B6EF00F62E88 /* Info.plist */ = {isa = PBXFileReference; lastKnownFileType = text.plist.xml; path = Info.plist; sourceTree = "<group>"; };
		1F32E54C1C30B79600F62E88 /* SampleRecipe.app */ = {isa = PBXFileReference; explicitFileType = wrapper.application; includeInIndex = 0; path = SampleRecipe.app; sourceTree = BUILT_PRODUCTS_DIR; };
		1F32E54E1C30B79600F62E88 /* AppDelegate.swift */ = {isa = PBXFileReference; lastKnownFileType = sourcecode.swift; path = AppDelegate.swift; sourceTree = "<group>"; };
		1F32E5501C30B79600F62E88 /* ViewController.swift */ = {isa = PBXFileReference; lastKnownFileType = sourcecode.swift; path = ViewController.swift; sourceTree = "<group>"; };
		1F32E5551C30B79600F62E88 /* Assets.xcassets */ = {isa = PBXFileReference; lastKnownFileType = folder.assetcatalog; path = Assets.xcassets; sourceTree = "<group>"; };
		1F32E5571C30B79600F62E88 /* Info.plist */ = {isa = PBXFileReference; lastKnownFileType = text.plist.xml; path = Info.plist; sourceTree = "<group>"; };
		1F32E5F61C30B81200F62E88 /* Info.plist */ = {isa = PBXFileReference; fileEncoding = 4; lastKnownFileType = text.plist.xml; path = Info.plist; sourceTree = "<group>"; };
		1F32E5F71C30B81200F62E88 /* TVMLKitchen.h */ = {isa = PBXFileReference; fileEncoding = 4; lastKnownFileType = sourcecode.c.h; path = TVMLKitchen.h; sourceTree = "<group>"; };
		1F32E6861C30B81E00F62E88 /* Kitchen.swift */ = {isa = PBXFileReference; fileEncoding = 4; lastKnownFileType = sourcecode.swift; path = Kitchen.swift; sourceTree = "<group>"; };
		1F32E68B1C30B9D100F62E88 /* Kitchen.xcconfig */ = {isa = PBXFileReference; lastKnownFileType = text.xcconfig; path = Kitchen.xcconfig; sourceTree = "<group>"; };
		1F32E6951C30BC3000F62E88 /* DebugLog.all.swift */ = {isa = PBXFileReference; fileEncoding = 4; lastKnownFileType = sourcecode.swift; path = DebugLog.all.swift; sourceTree = "<group>"; };
/* End PBXFileReference section */

/* Begin PBXFrameworksBuildPhase section */
		1F32E4051C30B6EF00F62E88 /* Frameworks */ = {
			isa = PBXFrameworksBuildPhase;
			buildActionMask = 2147483647;
			files = (
			);
			runOnlyForDeploymentPostprocessing = 0;
		};
		1F32E4101C30B6EF00F62E88 /* Frameworks */ = {
			isa = PBXFrameworksBuildPhase;
			buildActionMask = 2147483647;
			files = (
				1F32E4141C30B6EF00F62E88 /* TVMLKitchen.framework in Frameworks */,
			);
			runOnlyForDeploymentPostprocessing = 0;
		};
		1F32E5491C30B79600F62E88 /* Frameworks */ = {
			isa = PBXFrameworksBuildPhase;
			buildActionMask = 2147483647;
			files = (
				1F32E55B1C30B7D300F62E88 /* TVMLKitchen.framework in Frameworks */,
			);
			runOnlyForDeploymentPostprocessing = 0;
		};
/* End PBXFrameworksBuildPhase section */

/* Begin PBXGroup section */
		1F3065B41C30D634001E5DF0 /* js */ = {
			isa = PBXGroup;
			children = (
				1F3065B51C30D634001E5DF0 /* application.js */,
				1F3065B61C30D634001E5DF0 /* Presenter.js */,
				1F3065B71C30D634001E5DF0 /* ResourceLoader.js */,
			);
			path = js;
			sourceTree = "<group>";
		};
		1F3065C31C30EE19001E5DF0 /* xcconfigs */ = {
			isa = PBXGroup;
			children = (
				1F3065C51C30EE19001E5DF0 /* Base */,
				1F3065DC1C30EE1A001E5DF0 /* tvOS */,
			);
			path = xcconfigs;
			sourceTree = "<group>";
		};
		1F3065C51C30EE19001E5DF0 /* Base */ = {
			isa = PBXGroup;
			children = (
				1F3065C61C30EE19001E5DF0 /* Common.xcconfig */,
				1F3065C71C30EE19001E5DF0 /* Configurations */,
				1F3065CC1C30EE19001E5DF0 /* Targets */,
			);
			path = Base;
			sourceTree = "<group>";
		};
		1F3065C71C30EE19001E5DF0 /* Configurations */ = {
			isa = PBXGroup;
			children = (
				1F3065C81C30EE19001E5DF0 /* Debug.xcconfig */,
				1F3065C91C30EE19001E5DF0 /* Profile.xcconfig */,
				1F3065CA1C30EE19001E5DF0 /* Release.xcconfig */,
				1F3065CB1C30EE19001E5DF0 /* Test.xcconfig */,
			);
			path = Configurations;
			sourceTree = "<group>";
		};
		1F3065CC1C30EE19001E5DF0 /* Targets */ = {
			isa = PBXGroup;
			children = (
				1F3065CD1C30EE19001E5DF0 /* Application.xcconfig */,
				1F3065CE1C30EE19001E5DF0 /* Framework.xcconfig */,
				1F3065CF1C30EE19001E5DF0 /* StaticLibrary.xcconfig */,
			);
			path = Targets;
			sourceTree = "<group>";
		};
		1F3065DC1C30EE1A001E5DF0 /* tvOS */ = {
			isa = PBXGroup;
			children = (
				1F3065DD1C30EE1A001E5DF0 /* tvOS-Application.xcconfig */,
				1F3065DE1C30EE1A001E5DF0 /* tvOS-Base.xcconfig */,
				1F3065DF1C30EE1A001E5DF0 /* tvOS-Framework.xcconfig */,
				1F3065E01C30EE1A001E5DF0 /* tvOS-StaticLibrary.xcconfig */,
			);
			path = tvOS;
			sourceTree = "<group>";
		};
		1F32E3FF1C30B6EF00F62E88 = {
			isa = PBXGroup;
			children = (
				1F32E68C1C30BC3000F62E88 /* library */,
				1F32E6881C30B9B900F62E88 /* config */,
				1F32E55C1C30B81200F62E88 /* source */,
				1F32E4171C30B6EF00F62E88 /* TVMLKitchenTests */,
				1F32E54D1C30B79600F62E88 /* SampleRecipe */,
				1F32E40A1C30B6EF00F62E88 /* Products */,
			);
			sourceTree = "<group>";
		};
		1F32E40A1C30B6EF00F62E88 /* Products */ = {
			isa = PBXGroup;
			children = (
				1F32E4091C30B6EF00F62E88 /* TVMLKitchen.framework */,
				1F32E4131C30B6EF00F62E88 /* TVMLKitchenTests.xctest */,
				1F32E54C1C30B79600F62E88 /* SampleRecipe.app */,
			);
			name = Products;
			sourceTree = "<group>";
		};
		1F32E4171C30B6EF00F62E88 /* TVMLKitchenTests */ = {
			isa = PBXGroup;
			children = (
				1F32E4181C30B6EF00F62E88 /* TVMLKitchenTests.swift */,
				1F32E41A1C30B6EF00F62E88 /* Info.plist */,
			);
			path = TVMLKitchenTests;
			sourceTree = "<group>";
		};
		1F32E54D1C30B79600F62E88 /* SampleRecipe */ = {
			isa = PBXGroup;
			children = (
				1F32E54E1C30B79600F62E88 /* AppDelegate.swift */,
				1F3065C11C30E912001E5DF0 /* SampleResource.swift */,
				1F32E5501C30B79600F62E88 /* ViewController.swift */,
				1F3065BD1C30D8BD001E5DF0 /* Catalog.xml.js */,
				1F32E5551C30B79600F62E88 /* Assets.xcassets */,
				1F32E5571C30B79600F62E88 /* Info.plist */,
				1F3065BF1C30E8D0001E5DF0 /* RawXMLString.txt */,
			);
			path = SampleRecipe;
			sourceTree = "<group>";
		};
		1F32E55C1C30B81200F62E88 /* source */ = {
			isa = PBXGroup;
			children = (
				1F3065B41C30D634001E5DF0 /* js */,
				1F32E5F61C30B81200F62E88 /* Info.plist */,
				1F32E5F71C30B81200F62E88 /* TVMLKitchen.h */,
				1F32E6861C30B81E00F62E88 /* Kitchen.swift */,
				1F3065BB1C30D65B001E5DF0 /* TVMLBridging.swift */,
			);
			path = source;
			sourceTree = "<group>";
		};
		1F32E6881C30B9B900F62E88 /* config */ = {
			isa = PBXGroup;
			children = (
				1F3065C31C30EE19001E5DF0 /* xcconfigs */,
				1F32E68B1C30B9D100F62E88 /* Kitchen.xcconfig */,
			);
			path = config;
			sourceTree = SOURCE_ROOT;
		};
		1F32E68C1C30BC3000F62E88 /* library */ = {
			isa = PBXGroup;
			children = (
				1F32E68D1C30BC3000F62E88 /* DebugLog */,
			);
			path = library;
			sourceTree = "<group>";
		};
		1F32E68D1C30BC3000F62E88 /* DebugLog */ = {
			isa = PBXGroup;
			children = (
				1F32E6951C30BC3000F62E88 /* DebugLog.all.swift */,
			);
			path = DebugLog;
			sourceTree = "<group>";
		};
/* End PBXGroup section */

/* Begin PBXHeadersBuildPhase section */
		1F32E4061C30B6EF00F62E88 /* Headers */ = {
			isa = PBXHeadersBuildPhase;
			buildActionMask = 2147483647;
			files = (
				1F32E6851C30B81200F62E88 /* TVMLKitchen.h in Headers */,
			);
			runOnlyForDeploymentPostprocessing = 0;
		};
/* End PBXHeadersBuildPhase section */

/* Begin PBXNativeTarget section */
		1F32E4081C30B6EF00F62E88 /* TVMLKitchen */ = {
			isa = PBXNativeTarget;
			buildConfigurationList = 1F32E41D1C30B6EF00F62E88 /* Build configuration list for PBXNativeTarget "TVMLKitchen" */;
			buildPhases = (
				1F32E4041C30B6EF00F62E88 /* Sources */,
				1F32E4051C30B6EF00F62E88 /* Frameworks */,
				1F32E4061C30B6EF00F62E88 /* Headers */,
				1F32E4071C30B6EF00F62E88 /* Resources */,
				1F3065B31C30D009001E5DF0 /* Swiftlint */,
			);
			buildRules = (
			);
			dependencies = (
			);
			name = TVMLKitchen;
			productName = TVMLKitchen;
			productReference = 1F32E4091C30B6EF00F62E88 /* TVMLKitchen.framework */;
			productType = "com.apple.product-type.framework";
		};
		1F32E4121C30B6EF00F62E88 /* TVMLKitchenTests */ = {
			isa = PBXNativeTarget;
			buildConfigurationList = 1F32E4201C30B6EF00F62E88 /* Build configuration list for PBXNativeTarget "TVMLKitchenTests" */;
			buildPhases = (
				1F32E40F1C30B6EF00F62E88 /* Sources */,
				1F32E4101C30B6EF00F62E88 /* Frameworks */,
				1F32E4111C30B6EF00F62E88 /* Resources */,
			);
			buildRules = (
			);
			dependencies = (
				1F32E4161C30B6EF00F62E88 /* PBXTargetDependency */,
			);
			name = TVMLKitchenTests;
			productName = TVMLKitchenTests;
			productReference = 1F32E4131C30B6EF00F62E88 /* TVMLKitchenTests.xctest */;
			productType = "com.apple.product-type.bundle.unit-test";
		};
		1F32E54B1C30B79600F62E88 /* SampleRecipe */ = {
			isa = PBXNativeTarget;
			buildConfigurationList = 1F32E5581C30B79600F62E88 /* Build configuration list for PBXNativeTarget "SampleRecipe" */;
			buildPhases = (
				1F32E5481C30B79600F62E88 /* Sources */,
				1F32E5491C30B79600F62E88 /* Frameworks */,
				1F32E54A1C30B79600F62E88 /* Resources */,
			);
			buildRules = (
			);
			dependencies = (
			);
			name = SampleRecipe;
			productName = SampleRecipe;
			productReference = 1F32E54C1C30B79600F62E88 /* SampleRecipe.app */;
			productType = "com.apple.product-type.application";
		};
/* End PBXNativeTarget section */

/* Begin PBXProject section */
		1F32E4001C30B6EF00F62E88 /* Project object */ = {
			isa = PBXProject;
			attributes = {
				LastSwiftUpdateCheck = 0720;
				LastUpgradeCheck = 0720;
				ORGANIZATIONNAME = toshi0383;
				TargetAttributes = {
					1F32E4081C30B6EF00F62E88 = {
						CreatedOnToolsVersion = 7.2;
					};
					1F32E4121C30B6EF00F62E88 = {
						CreatedOnToolsVersion = 7.2;
					};
					1F32E54B1C30B79600F62E88 = {
						CreatedOnToolsVersion = 7.2;
					};
				};
			};
			buildConfigurationList = 1F32E4031C30B6EF00F62E88 /* Build configuration list for PBXProject "TVMLKitchen" */;
			compatibilityVersion = "Xcode 3.2";
			developmentRegion = English;
			hasScannedForEncodings = 0;
			knownRegions = (
				en,
				Base,
			);
			mainGroup = 1F32E3FF1C30B6EF00F62E88;
			productRefGroup = 1F32E40A1C30B6EF00F62E88 /* Products */;
			projectDirPath = "";
			projectRoot = "";
			targets = (
				1F32E4081C30B6EF00F62E88 /* TVMLKitchen */,
				1F32E4121C30B6EF00F62E88 /* TVMLKitchenTests */,
				1F32E54B1C30B79600F62E88 /* SampleRecipe */,
			);
		};
/* End PBXProject section */

/* Begin PBXResourcesBuildPhase section */
		1F32E4071C30B6EF00F62E88 /* Resources */ = {
			isa = PBXResourcesBuildPhase;
			buildActionMask = 2147483647;
			files = (
				1F3065BA1C30D634001E5DF0 /* ResourceLoader.js in Resources */,
				1F3065B81C30D634001E5DF0 /* application.js in Resources */,
				1F3065B91C30D634001E5DF0 /* Presenter.js in Resources */,
			);
			runOnlyForDeploymentPostprocessing = 0;
		};
		1F32E4111C30B6EF00F62E88 /* Resources */ = {
			isa = PBXResourcesBuildPhase;
			buildActionMask = 2147483647;
			files = (
			);
			runOnlyForDeploymentPostprocessing = 0;
		};
		1F32E54A1C30B79600F62E88 /* Resources */ = {
			isa = PBXResourcesBuildPhase;
			buildActionMask = 2147483647;
			files = (
				1F3065EA1C30EE1A001E5DF0 /* Release.xcconfig in Resources */,
				1F3065EC1C30EE1A001E5DF0 /* Application.xcconfig in Resources */,
				1F3065ED1C30EE1A001E5DF0 /* Framework.xcconfig in Resources */,
				1F3065FC1C30EE1A001E5DF0 /* tvOS-StaticLibrary.xcconfig in Resources */,
				1F3065E71C30EE1A001E5DF0 /* Common.xcconfig in Resources */,
				1F3065E91C30EE1A001E5DF0 /* Profile.xcconfig in Resources */,
				1F3065E81C30EE1A001E5DF0 /* Debug.xcconfig in Resources */,
				1F3065C01C30E8D0001E5DF0 /* RawXMLString.txt in Resources */,
				1F3065FB1C30EE1A001E5DF0 /* tvOS-Framework.xcconfig in Resources */,
				1F3065F91C30EE1A001E5DF0 /* tvOS-Application.xcconfig in Resources */,
				1F32E5561C30B79600F62E88 /* Assets.xcassets in Resources */,
				1F3065BE1C30D8BD001E5DF0 /* Catalog.xml.js in Resources */,
				1F3065EE1C30EE1A001E5DF0 /* StaticLibrary.xcconfig in Resources */,
				1F3065FA1C30EE1A001E5DF0 /* tvOS-Base.xcconfig in Resources */,
				1F3065EB1C30EE1A001E5DF0 /* Test.xcconfig in Resources */,
			);
			runOnlyForDeploymentPostprocessing = 0;
		};
/* End PBXResourcesBuildPhase section */

/* Begin PBXShellScriptBuildPhase section */
		1F3065B31C30D009001E5DF0 /* Swiftlint */ = {
			isa = PBXShellScriptBuildPhase;
			buildActionMask = 2147483647;
			files = (
			);
			inputPaths = (
			);
			name = Swiftlint;
			outputPaths = (
			);
			runOnlyForDeploymentPostprocessing = 0;
			shellPath = /bin/sh;
			shellScript = "if which swiftlint >/dev/null; then\nswiftlint\nelse\necho \"SwiftLint does not exist, download from https://github.com/realm/SwiftLint\"\nfi";
		};
/* End PBXShellScriptBuildPhase section */

/* Begin PBXSourcesBuildPhase section */
		1F32E4041C30B6EF00F62E88 /* Sources */ = {
			isa = PBXSourcesBuildPhase;
			buildActionMask = 2147483647;
			files = (
				1F3065BC1C30D65B001E5DF0 /* TVMLBridging.swift in Sources */,
				1F32E6871C30B81E00F62E88 /* Kitchen.swift in Sources */,
				1F32E6AD1C30BC3000F62E88 /* DebugLog.all.swift in Sources */,
			);
			runOnlyForDeploymentPostprocessing = 0;
		};
		1F32E40F1C30B6EF00F62E88 /* Sources */ = {
			isa = PBXSourcesBuildPhase;
			buildActionMask = 2147483647;
			files = (
				1F32E4191C30B6EF00F62E88 /* TVMLKitchenTests.swift in Sources */,
			);
			runOnlyForDeploymentPostprocessing = 0;
		};
		1F32E5481C30B79600F62E88 /* Sources */ = {
			isa = PBXSourcesBuildPhase;
			buildActionMask = 2147483647;
			files = (
				1F32E5511C30B79600F62E88 /* ViewController.swift in Sources */,
				1F32E54F1C30B79600F62E88 /* AppDelegate.swift in Sources */,
				1F3065C21C30E912001E5DF0 /* SampleResource.swift in Sources */,
			);
			runOnlyForDeploymentPostprocessing = 0;
		};
/* End PBXSourcesBuildPhase section */

/* Begin PBXTargetDependency section */
		1F32E4161C30B6EF00F62E88 /* PBXTargetDependency */ = {
			isa = PBXTargetDependency;
			target = 1F32E4081C30B6EF00F62E88 /* TVMLKitchen */;
			targetProxy = 1F32E4151C30B6EF00F62E88 /* PBXContainerItemProxy */;
		};
/* End PBXTargetDependency section */

/* Begin XCBuildConfiguration section */
		1F32E41B1C30B6EF00F62E88 /* Debug */ = {
			isa = XCBuildConfiguration;
			baseConfigurationReference = 1F3065C81C30EE19001E5DF0 /* Debug.xcconfig */;
			buildSettings = {
				ALWAYS_SEARCH_USER_PATHS = NO;
				CLANG_CXX_LANGUAGE_STANDARD = "gnu++0x";
				CLANG_CXX_LIBRARY = "libc++";
				CLANG_ENABLE_MODULES = YES;
				CLANG_ENABLE_OBJC_ARC = YES;
				CLANG_WARN_BOOL_CONVERSION = YES;
				CLANG_WARN_CONSTANT_CONVERSION = YES;
				CLANG_WARN_DIRECT_OBJC_ISA_USAGE = YES_ERROR;
				CLANG_WARN_EMPTY_BODY = YES;
				CLANG_WARN_ENUM_CONVERSION = YES;
				CLANG_WARN_INT_CONVERSION = YES;
				CLANG_WARN_OBJC_ROOT_CLASS = YES_ERROR;
				CLANG_WARN_UNREACHABLE_CODE = YES;
				CLANG_WARN__DUPLICATE_METHOD_MATCH = YES;
				COPY_PHASE_STRIP = NO;
				CURRENT_PROJECT_VERSION = 1;
				DEBUG_INFORMATION_FORMAT = dwarf;
				ENABLE_STRICT_OBJC_MSGSEND = YES;
				ENABLE_TESTABILITY = YES;
				GCC_C_LANGUAGE_STANDARD = gnu99;
				GCC_DYNAMIC_NO_PIC = NO;
				GCC_NO_COMMON_BLOCKS = YES;
				GCC_OPTIMIZATION_LEVEL = 0;
				GCC_PREPROCESSOR_DEFINITIONS = (
					"DEBUG=1",
					"$(inherited)",
				);
				GCC_WARN_64_TO_32_BIT_CONVERSION = YES;
				GCC_WARN_ABOUT_RETURN_TYPE = YES_ERROR;
				GCC_WARN_UNDECLARED_SELECTOR = YES;
				GCC_WARN_UNINITIALIZED_AUTOS = YES_AGGRESSIVE;
				GCC_WARN_UNUSED_FUNCTION = YES;
				GCC_WARN_UNUSED_VARIABLE = YES;
				MTL_ENABLE_DEBUG_INFO = YES;
				ONLY_ACTIVE_ARCH = YES;
				SDKROOT = appletvos;
				SWIFT_OPTIMIZATION_LEVEL = "-Onone";
				TARGETED_DEVICE_FAMILY = 3;
				TVOS_DEPLOYMENT_TARGET = 9.1;
				VERSIONING_SYSTEM = "apple-generic";
				VERSION_INFO_PREFIX = "";
			};
			name = Debug;
		};
		1F32E41C1C30B6EF00F62E88 /* Release */ = {
			isa = XCBuildConfiguration;
			baseConfigurationReference = 1F3065CA1C30EE19001E5DF0 /* Release.xcconfig */;
			buildSettings = {
				ALWAYS_SEARCH_USER_PATHS = NO;
				CLANG_CXX_LANGUAGE_STANDARD = "gnu++0x";
				CLANG_CXX_LIBRARY = "libc++";
				CLANG_ENABLE_MODULES = YES;
				CLANG_ENABLE_OBJC_ARC = YES;
				CLANG_WARN_BOOL_CONVERSION = YES;
				CLANG_WARN_CONSTANT_CONVERSION = YES;
				CLANG_WARN_DIRECT_OBJC_ISA_USAGE = YES_ERROR;
				CLANG_WARN_EMPTY_BODY = YES;
				CLANG_WARN_ENUM_CONVERSION = YES;
				CLANG_WARN_INT_CONVERSION = YES;
				CLANG_WARN_OBJC_ROOT_CLASS = YES_ERROR;
				CLANG_WARN_UNREACHABLE_CODE = YES;
				CLANG_WARN__DUPLICATE_METHOD_MATCH = YES;
				COPY_PHASE_STRIP = NO;
				CURRENT_PROJECT_VERSION = 1;
				DEBUG_INFORMATION_FORMAT = "dwarf-with-dsym";
				ENABLE_NS_ASSERTIONS = NO;
				ENABLE_STRICT_OBJC_MSGSEND = YES;
				GCC_C_LANGUAGE_STANDARD = gnu99;
				GCC_NO_COMMON_BLOCKS = YES;
				GCC_WARN_64_TO_32_BIT_CONVERSION = YES;
				GCC_WARN_ABOUT_RETURN_TYPE = YES_ERROR;
				GCC_WARN_UNDECLARED_SELECTOR = YES;
				GCC_WARN_UNINITIALIZED_AUTOS = YES_AGGRESSIVE;
				GCC_WARN_UNUSED_FUNCTION = YES;
				GCC_WARN_UNUSED_VARIABLE = YES;
				MTL_ENABLE_DEBUG_INFO = NO;
				SDKROOT = appletvos;
				TARGETED_DEVICE_FAMILY = 3;
				TVOS_DEPLOYMENT_TARGET = 9.1;
				VALIDATE_PRODUCT = YES;
				VERSIONING_SYSTEM = "apple-generic";
				VERSION_INFO_PREFIX = "";
			};
			name = Release;
		};
		1F32E41E1C30B6EF00F62E88 /* Debug */ = {
			isa = XCBuildConfiguration;
			baseConfigurationReference = 1F32E68B1C30B9D100F62E88 /* Kitchen.xcconfig */;
			buildSettings = {
				CLANG_ENABLE_MODULES = YES;
				DEFINES_MODULE = YES;
				DYLIB_COMPATIBILITY_VERSION = 1;
				DYLIB_CURRENT_VERSION = 1;
				DYLIB_INSTALL_NAME_BASE = "@rpath";
				INFOPLIST_FILE = source/Info.plist;
				INSTALL_PATH = "$(LOCAL_LIBRARY_DIR)/Frameworks";
				LD_RUNPATH_SEARCH_PATHS = "$(inherited) @executable_path/Frameworks @loader_path/Frameworks";
				PRODUCT_BUNDLE_IDENTIFIER = jp.toshi0383.TVMLKitchen;
				PRODUCT_NAME = "$(TARGET_NAME)";
				SKIP_INSTALL = YES;
				SWIFT_OPTIMIZATION_LEVEL = "-Onone";
			};
			name = Debug;
		};
		1F32E41F1C30B6EF00F62E88 /* Release */ = {
			isa = XCBuildConfiguration;
			baseConfigurationReference = 1F32E68B1C30B9D100F62E88 /* Kitchen.xcconfig */;
			buildSettings = {
				CLANG_ENABLE_MODULES = YES;
				DEFINES_MODULE = YES;
				DYLIB_COMPATIBILITY_VERSION = 1;
				DYLIB_CURRENT_VERSION = 1;
				DYLIB_INSTALL_NAME_BASE = "@rpath";
				INFOPLIST_FILE = source/Info.plist;
				INSTALL_PATH = "$(LOCAL_LIBRARY_DIR)/Frameworks";
				LD_RUNPATH_SEARCH_PATHS = "$(inherited) @executable_path/Frameworks @loader_path/Frameworks";
				PRODUCT_BUNDLE_IDENTIFIER = jp.toshi0383.TVMLKitchen;
				PRODUCT_NAME = "$(TARGET_NAME)";
				SKIP_INSTALL = YES;
			};
			name = Release;
		};
		1F32E4211C30B6EF00F62E88 /* Debug */ = {
			isa = XCBuildConfiguration;
			buildSettings = {
				INFOPLIST_FILE = TVMLKitchenTests/Info.plist;
				LD_RUNPATH_SEARCH_PATHS = "$(inherited) @executable_path/Frameworks @loader_path/Frameworks";
				PRODUCT_BUNDLE_IDENTIFIER = jp.toshi0383.TVMLKitchenTests;
				PRODUCT_NAME = "$(TARGET_NAME)";
			};
			name = Debug;
		};
		1F32E4221C30B6EF00F62E88 /* Release */ = {
			isa = XCBuildConfiguration;
			buildSettings = {
				INFOPLIST_FILE = TVMLKitchenTests/Info.plist;
				LD_RUNPATH_SEARCH_PATHS = "$(inherited) @executable_path/Frameworks @loader_path/Frameworks";
				PRODUCT_BUNDLE_IDENTIFIER = jp.toshi0383.TVMLKitchenTests;
				PRODUCT_NAME = "$(TARGET_NAME)";
			};
			name = Release;
		};
		1F32E5591C30B79600F62E88 /* Debug */ = {
			isa = XCBuildConfiguration;
			buildSettings = {
				ASSETCATALOG_COMPILER_APPICON_NAME = "App Icon & Top Shelf Image";
				ASSETCATALOG_COMPILER_LAUNCHIMAGE_NAME = LaunchImage;
				INFOPLIST_FILE = SampleRecipe/Info.plist;
				LD_RUNPATH_SEARCH_PATHS = "$(inherited) @executable_path/Frameworks";
				PRODUCT_BUNDLE_IDENTIFIER = jp.toshi0383.SampleRecipe;
				PRODUCT_NAME = "$(TARGET_NAME)";
			};
			name = Debug;
		};
		1F32E55A1C30B79600F62E88 /* Release */ = {
			isa = XCBuildConfiguration;
			buildSettings = {
				ASSETCATALOG_COMPILER_APPICON_NAME = "App Icon & Top Shelf Image";
				ASSETCATALOG_COMPILER_LAUNCHIMAGE_NAME = LaunchImage;
				INFOPLIST_FILE = SampleRecipe/Info.plist;
				LD_RUNPATH_SEARCH_PATHS = "$(inherited) @executable_path/Frameworks";
				PRODUCT_BUNDLE_IDENTIFIER = jp.toshi0383.SampleRecipe;
				PRODUCT_NAME = "$(TARGET_NAME)";
			};
			name = Release;
		};
/* End XCBuildConfiguration section */

/* Begin XCConfigurationList section */
		1F32E4031C30B6EF00F62E88 /* Build configuration list for PBXProject "TVMLKitchen" */ = {
			isa = XCConfigurationList;
			buildConfigurations = (
				1F32E41B1C30B6EF00F62E88 /* Debug */,
				1F32E41C1C30B6EF00F62E88 /* Release */,
			);
			defaultConfigurationIsVisible = 0;
			defaultConfigurationName = Release;
		};
		1F32E41D1C30B6EF00F62E88 /* Build configuration list for PBXNativeTarget "TVMLKitchen" */ = {
			isa = XCConfigurationList;
			buildConfigurations = (
				1F32E41E1C30B6EF00F62E88 /* Debug */,
				1F32E41F1C30B6EF00F62E88 /* Release */,
			);
			defaultConfigurationIsVisible = 0;
			defaultConfigurationName = Release;
		};
		1F32E4201C30B6EF00F62E88 /* Build configuration list for PBXNativeTarget "TVMLKitchenTests" */ = {
			isa = XCConfigurationList;
			buildConfigurations = (
				1F32E4211C30B6EF00F62E88 /* Debug */,
				1F32E4221C30B6EF00F62E88 /* Release */,
			);
			defaultConfigurationIsVisible = 0;
			defaultConfigurationName = Release;
		};
		1F32E5581C30B79600F62E88 /* Build configuration list for PBXNativeTarget "SampleRecipe" */ = {
			isa = XCConfigurationList;
			buildConfigurations = (
				1F32E5591C30B79600F62E88 /* Debug */,
				1F32E55A1C30B79600F62E88 /* Release */,
			);
			defaultConfigurationIsVisible = 0;
			defaultConfigurationName = Release;
		};
/* End XCConfigurationList section */
	};
	rootObject = 1F32E4001C30B6EF00F62E88 /* Project object */;
}
